// !$*UTF8*$!
{
	archiveVersion = 1;
	classes = {
	};
	objectVersion = 46;
	objects = {

/* Begin PBXBuildFile section */
		92FCFA051BB963CD00DF05C3 /* Routing.h in Headers */ = {isa = PBXBuildFile; fileRef = 92FCFA041BB963CD00DF05C3 /* Routing.h */; settings = {ATTRIBUTES = (Public, ); }; };
		92FCFA0C1BB963CD00DF05C3 /* Routing.framework in Frameworks */ = {isa = PBXBuildFile; fileRef = 92FCFA011BB963CD00DF05C3 /* Routing.framework */; };
		92FCFA111BB963CD00DF05C3 /* RoutingSpec.swift in Sources */ = {isa = PBXBuildFile; fileRef = 92FCFA101BB963CD00DF05C3 /* RoutingSpec.swift */; };
		92FCFA1C1BB9658D00DF05C3 /* Routing.swift in Sources */ = {isa = PBXBuildFile; fileRef = 92FCFA1B1BB9658D00DF05C3 /* Routing.swift */; };
		D2204C801C8FE1B400ABA4E5 /* UIKit.framework in Frameworks */ = {isa = PBXBuildFile; fileRef = D2204C7F1C8FE1B400ABA4E5 /* UIKit.framework */; };
		D24C99321C8E1CA40011AA28 /* RoutingOthers.swift in Sources */ = {isa = PBXBuildFile; fileRef = D24C99301C8E1C860011AA28 /* RoutingOthers.swift */; };
		D24C99331C8E1CA50011AA28 /* RoutingOthers.swift in Sources */ = {isa = PBXBuildFile; fileRef = D24C99301C8E1C860011AA28 /* RoutingOthers.swift */; };
		D24C99341C8E1CA70011AA28 /* RoutingOthers.swift in Sources */ = {isa = PBXBuildFile; fileRef = D24C99301C8E1C860011AA28 /* RoutingOthers.swift */; };
		D260C3CA1C72A5CD000AFB09 /* RoutingiOS.swift in Sources */ = {isa = PBXBuildFile; fileRef = D260C3C91C72A5CD000AFB09 /* RoutingiOS.swift */; };
		D295F41F1C6C2612003CAC2F /* Routing.framework in Frameworks */ = {isa = PBXBuildFile; fileRef = D295F4151C6C2612003CAC2F /* Routing.framework */; };
		D295F43B1C6C265D003CAC2F /* Routing.framework in Frameworks */ = {isa = PBXBuildFile; fileRef = D295F4311C6C265D003CAC2F /* Routing.framework */; };
		D295F44A1C6C27B1003CAC2F /* Routing.swift in Sources */ = {isa = PBXBuildFile; fileRef = 92FCFA1B1BB9658D00DF05C3 /* Routing.swift */; };
		D295F44B1C6C27B2003CAC2F /* Routing.swift in Sources */ = {isa = PBXBuildFile; fileRef = 92FCFA1B1BB9658D00DF05C3 /* Routing.swift */; };
		D295F44C1C6C27B4003CAC2F /* Routing.swift in Sources */ = {isa = PBXBuildFile; fileRef = 92FCFA1B1BB9658D00DF05C3 /* Routing.swift */; };
		D295F44E1C6C27BE003CAC2F /* RoutingSpec.swift in Sources */ = {isa = PBXBuildFile; fileRef = 92FCFA101BB963CD00DF05C3 /* RoutingSpec.swift */; };
		D295F4501C6C29F5003CAC2F /* Quick.framework in Frameworks */ = {isa = PBXBuildFile; fileRef = D295F44F1C6C29F5003CAC2F /* Quick.framework */; };
		D295F4521C6C29F7003CAC2F /* Nimble.framework in Frameworks */ = {isa = PBXBuildFile; fileRef = D295F4511C6C29F7003CAC2F /* Nimble.framework */; };
		D2F5D0561C570ECB00317401 /* Nimble.framework in Frameworks */ = {isa = PBXBuildFile; fileRef = D2F5D0551C570ECB00317401 /* Nimble.framework */; };
		D2F5D0581C570ECF00317401 /* Quick.framework in Frameworks */ = {isa = PBXBuildFile; fileRef = D2F5D0571C570ECF00317401 /* Quick.framework */; };
		D2F926981C8E4400007783EA /* RoutingSpec.swift in Sources */ = {isa = PBXBuildFile; fileRef = 92FCFA101BB963CD00DF05C3 /* RoutingSpec.swift */; };
/* End PBXBuildFile section */

/* Begin PBXContainerItemProxy section */
		92FCFA0D1BB963CD00DF05C3 /* PBXContainerItemProxy */ = {
			isa = PBXContainerItemProxy;
			containerPortal = 92FCF9F81BB963CD00DF05C3 /* Project object */;
			proxyType = 1;
			remoteGlobalIDString = 92FCFA001BB963CD00DF05C3;
			remoteInfo = Routing;
		};
		D295F4201C6C2612003CAC2F /* PBXContainerItemProxy */ = {
			isa = PBXContainerItemProxy;
			containerPortal = 92FCF9F81BB963CD00DF05C3 /* Project object */;
			proxyType = 1;
			remoteGlobalIDString = D295F4141C6C2612003CAC2F;
			remoteInfo = "Routing tvOS";
		};
		D295F43C1C6C265D003CAC2F /* PBXContainerItemProxy */ = {
			isa = PBXContainerItemProxy;
			containerPortal = 92FCF9F81BB963CD00DF05C3 /* Project object */;
			proxyType = 1;
			remoteGlobalIDString = D295F4301C6C265D003CAC2F;
			remoteInfo = "Routing OSX";
		};
/* End PBXContainerItemProxy section */

/* Begin PBXFileReference section */
		92FCFA011BB963CD00DF05C3 /* Routing.framework */ = {isa = PBXFileReference; explicitFileType = wrapper.framework; includeInIndex = 0; path = Routing.framework; sourceTree = BUILT_PRODUCTS_DIR; };
		92FCFA041BB963CD00DF05C3 /* Routing.h */ = {isa = PBXFileReference; lastKnownFileType = sourcecode.c.h; path = Routing.h; sourceTree = "<group>"; };
		92FCFA061BB963CD00DF05C3 /* Info.plist */ = {isa = PBXFileReference; lastKnownFileType = text.plist.xml; path = Info.plist; sourceTree = "<group>"; };
		92FCFA0B1BB963CD00DF05C3 /* Routing iOS Tests.xctest */ = {isa = PBXFileReference; explicitFileType = wrapper.cfbundle; includeInIndex = 0; path = "Routing iOS Tests.xctest"; sourceTree = BUILT_PRODUCTS_DIR; };
		92FCFA101BB963CD00DF05C3 /* RoutingSpec.swift */ = {isa = PBXFileReference; lastKnownFileType = sourcecode.swift; path = RoutingSpec.swift; sourceTree = "<group>"; };
		92FCFA121BB963CD00DF05C3 /* Info.plist */ = {isa = PBXFileReference; lastKnownFileType = text.plist.xml; path = Info.plist; sourceTree = "<group>"; };
		92FCFA1B1BB9658D00DF05C3 /* Routing.swift */ = {isa = PBXFileReference; fileEncoding = 4; lastKnownFileType = sourcecode.swift; path = Routing.swift; sourceTree = "<group>"; };
		D2204C7F1C8FE1B400ABA4E5 /* UIKit.framework */ = {isa = PBXFileReference; lastKnownFileType = wrapper.framework; name = UIKit.framework; path = System/Library/Frameworks/UIKit.framework; sourceTree = SDKROOT; };
		D24C99301C8E1C860011AA28 /* RoutingOthers.swift */ = {isa = PBXFileReference; fileEncoding = 4; lastKnownFileType = sourcecode.swift; path = RoutingOthers.swift; sourceTree = "<group>"; };
		D260C3C91C72A5CD000AFB09 /* RoutingiOS.swift */ = {isa = PBXFileReference; fileEncoding = 4; lastKnownFileType = sourcecode.swift; path = RoutingiOS.swift; sourceTree = "<group>"; };
		D295F4081C6C25ED003CAC2F /* Routing.framework */ = {isa = PBXFileReference; explicitFileType = wrapper.framework; includeInIndex = 0; path = Routing.framework; sourceTree = BUILT_PRODUCTS_DIR; };
		D295F4151C6C2612003CAC2F /* Routing.framework */ = {isa = PBXFileReference; explicitFileType = wrapper.framework; includeInIndex = 0; path = Routing.framework; sourceTree = BUILT_PRODUCTS_DIR; };
		D295F41E1C6C2612003CAC2F /* Routing tvOSTests.xctest */ = {isa = PBXFileReference; explicitFileType = wrapper.cfbundle; includeInIndex = 0; path = "Routing tvOSTests.xctest"; sourceTree = BUILT_PRODUCTS_DIR; };
		D295F4311C6C265D003CAC2F /* Routing.framework */ = {isa = PBXFileReference; explicitFileType = wrapper.framework; includeInIndex = 0; path = Routing.framework; sourceTree = BUILT_PRODUCTS_DIR; };
		D295F43A1C6C265D003CAC2F /* Routing OSXTests.xctest */ = {isa = PBXFileReference; explicitFileType = wrapper.cfbundle; includeInIndex = 0; path = "Routing OSXTests.xctest"; sourceTree = BUILT_PRODUCTS_DIR; };
		D295F44F1C6C29F5003CAC2F /* Quick.framework */ = {isa = PBXFileReference; lastKnownFileType = wrapper.framework; name = Quick.framework; path = Carthage/Build/Mac/Quick.framework; sourceTree = "<group>"; };
		D295F4511C6C29F7003CAC2F /* Nimble.framework */ = {isa = PBXFileReference; lastKnownFileType = wrapper.framework; name = Nimble.framework; path = Carthage/Build/Mac/Nimble.framework; sourceTree = "<group>"; };
		D2F5D0551C570ECB00317401 /* Nimble.framework */ = {isa = PBXFileReference; lastKnownFileType = wrapper.framework; name = Nimble.framework; path = Carthage/Build/iOS/Nimble.framework; sourceTree = "<group>"; };
		D2F5D0571C570ECF00317401 /* Quick.framework */ = {isa = PBXFileReference; lastKnownFileType = wrapper.framework; name = Quick.framework; path = Carthage/Build/iOS/Quick.framework; sourceTree = "<group>"; };
/* End PBXFileReference section */

/* Begin PBXFrameworksBuildPhase section */
		92FCF9FD1BB963CD00DF05C3 /* Frameworks */ = {
			isa = PBXFrameworksBuildPhase;
			buildActionMask = 2147483647;
			files = (
				D2204C801C8FE1B400ABA4E5 /* UIKit.framework in Frameworks */,
			);
			runOnlyForDeploymentPostprocessing = 0;
		};
		92FCFA081BB963CD00DF05C3 /* Frameworks */ = {
			isa = PBXFrameworksBuildPhase;
			buildActionMask = 2147483647;
			files = (
				92FCFA0C1BB963CD00DF05C3 /* Routing.framework in Frameworks */,
				D2F5D0561C570ECB00317401 /* Nimble.framework in Frameworks */,
				D2F5D0581C570ECF00317401 /* Quick.framework in Frameworks */,
			);
			runOnlyForDeploymentPostprocessing = 0;
		};
		D295F4041C6C25ED003CAC2F /* Frameworks */ = {
			isa = PBXFrameworksBuildPhase;
			buildActionMask = 2147483647;
			files = (
			);
			runOnlyForDeploymentPostprocessing = 0;
		};
		D295F4111C6C2612003CAC2F /* Frameworks */ = {
			isa = PBXFrameworksBuildPhase;
			buildActionMask = 2147483647;
			files = (
			);
			runOnlyForDeploymentPostprocessing = 0;
		};
		D295F41B1C6C2612003CAC2F /* Frameworks */ = {
			isa = PBXFrameworksBuildPhase;
			buildActionMask = 2147483647;
			files = (
				D295F41F1C6C2612003CAC2F /* Routing.framework in Frameworks */,
			);
			runOnlyForDeploymentPostprocessing = 0;
		};
		D295F42D1C6C265D003CAC2F /* Frameworks */ = {
			isa = PBXFrameworksBuildPhase;
			buildActionMask = 2147483647;
			files = (
			);
			runOnlyForDeploymentPostprocessing = 0;
		};
		D295F4371C6C265D003CAC2F /* Frameworks */ = {
			isa = PBXFrameworksBuildPhase;
			buildActionMask = 2147483647;
			files = (
				D295F43B1C6C265D003CAC2F /* Routing.framework in Frameworks */,
				D295F4501C6C29F5003CAC2F /* Quick.framework in Frameworks */,
				D295F4521C6C29F7003CAC2F /* Nimble.framework in Frameworks */,
			);
			runOnlyForDeploymentPostprocessing = 0;
		};
/* End PBXFrameworksBuildPhase section */

/* Begin PBXGroup section */
		92FCF9F71BB963CD00DF05C3 = {
			isa = PBXGroup;
			children = (
				D2F5D0591C570ED600317401 /* Frameworks */,
				92FCFA031BB963CD00DF05C3 /* Source */,
				92FCFA0F1BB963CD00DF05C3 /* Tests */,
				92FCFA021BB963CD00DF05C3 /* Products */,
			);
			sourceTree = "<group>";
		};
		92FCFA021BB963CD00DF05C3 /* Products */ = {
			isa = PBXGroup;
			children = (
				92FCFA011BB963CD00DF05C3 /* Routing.framework */,
				92FCFA0B1BB963CD00DF05C3 /* Routing iOS Tests.xctest */,
				D295F4081C6C25ED003CAC2F /* Routing.framework */,
				D295F4151C6C2612003CAC2F /* Routing.framework */,
				D295F41E1C6C2612003CAC2F /* Routing tvOSTests.xctest */,
				D295F4311C6C265D003CAC2F /* Routing.framework */,
				D295F43A1C6C265D003CAC2F /* Routing OSXTests.xctest */,
			);
			name = Products;
			sourceTree = "<group>";
		};
		92FCFA031BB963CD00DF05C3 /* Source */ = {
			isa = PBXGroup;
			children = (
				92FCFA041BB963CD00DF05C3 /* Routing.h */,
				D260C3C91C72A5CD000AFB09 /* RoutingiOS.swift */,
				D24C99301C8E1C860011AA28 /* RoutingOthers.swift */,
				92FCFA1B1BB9658D00DF05C3 /* Routing.swift */,
				92FCFA061BB963CD00DF05C3 /* Info.plist */,
			);
			path = Source;
			sourceTree = "<group>";
		};
		92FCFA0F1BB963CD00DF05C3 /* Tests */ = {
			isa = PBXGroup;
			children = (
				92FCFA101BB963CD00DF05C3 /* RoutingSpec.swift */,
				92FCFA121BB963CD00DF05C3 /* Info.plist */,
			);
			path = Tests;
			sourceTree = "<group>";
		};
		D2F5D0591C570ED600317401 /* Frameworks */ = {
			isa = PBXGroup;
			children = (
				D2204C7F1C8FE1B400ABA4E5 /* UIKit.framework */,
				D2F5D0571C570ECF00317401 /* Quick.framework */,
				D295F44F1C6C29F5003CAC2F /* Quick.framework */,
				D295F4511C6C29F7003CAC2F /* Nimble.framework */,
				D2F5D0551C570ECB00317401 /* Nimble.framework */,
			);
			name = Frameworks;
			sourceTree = "<group>";
		};
/* End PBXGroup section */

/* Begin PBXHeadersBuildPhase section */
		92FCF9FE1BB963CD00DF05C3 /* Headers */ = {
			isa = PBXHeadersBuildPhase;
			buildActionMask = 2147483647;
			files = (
				92FCFA051BB963CD00DF05C3 /* Routing.h in Headers */,
			);
			runOnlyForDeploymentPostprocessing = 0;
		};
		D295F4051C6C25ED003CAC2F /* Headers */ = {
			isa = PBXHeadersBuildPhase;
			buildActionMask = 2147483647;
			files = (
			);
			runOnlyForDeploymentPostprocessing = 0;
		};
		D295F4121C6C2612003CAC2F /* Headers */ = {
			isa = PBXHeadersBuildPhase;
			buildActionMask = 2147483647;
			files = (
			);
			runOnlyForDeploymentPostprocessing = 0;
		};
		D295F42E1C6C265D003CAC2F /* Headers */ = {
			isa = PBXHeadersBuildPhase;
			buildActionMask = 2147483647;
			files = (
			);
			runOnlyForDeploymentPostprocessing = 0;
		};
/* End PBXHeadersBuildPhase section */

/* Begin PBXNativeTarget section */
		92FCFA001BB963CD00DF05C3 /* Routing iOS */ = {
			isa = PBXNativeTarget;
			buildConfigurationList = 92FCFA151BB963CD00DF05C3 /* Build configuration list for PBXNativeTarget "Routing iOS" */;
			buildPhases = (
				92FCF9FC1BB963CD00DF05C3 /* Sources */,
				92FCF9FD1BB963CD00DF05C3 /* Frameworks */,
				92FCF9FE1BB963CD00DF05C3 /* Headers */,
				92FCF9FF1BB963CD00DF05C3 /* Resources */,
			);
			buildRules = (
			);
			dependencies = (
			);
			name = "Routing iOS";
			productName = Routing;
			productReference = 92FCFA011BB963CD00DF05C3 /* Routing.framework */;
			productType = "com.apple.product-type.framework";
		};
		92FCFA0A1BB963CD00DF05C3 /* Routing iOS Tests */ = {
			isa = PBXNativeTarget;
			buildConfigurationList = 92FCFA181BB963CD00DF05C3 /* Build configuration list for PBXNativeTarget "Routing iOS Tests" */;
			buildPhases = (
				92FCFA071BB963CD00DF05C3 /* Sources */,
				92FCFA081BB963CD00DF05C3 /* Frameworks */,
				92FCFA091BB963CD00DF05C3 /* Resources */,
				D2A0660F1C57159E000F4DC8 /* Carthage */,
			);
			buildRules = (
			);
			dependencies = (
				92FCFA0E1BB963CD00DF05C3 /* PBXTargetDependency */,
			);
			name = "Routing iOS Tests";
			productName = RoutingTests;
			productReference = 92FCFA0B1BB963CD00DF05C3 /* Routing iOS Tests.xctest */;
			productType = "com.apple.product-type.bundle.unit-test";
		};
		D295F4071C6C25ED003CAC2F /* Routing watchOS */ = {
			isa = PBXNativeTarget;
			buildConfigurationList = D295F40F1C6C25ED003CAC2F /* Build configuration list for PBXNativeTarget "Routing watchOS" */;
			buildPhases = (
				D295F4031C6C25ED003CAC2F /* Sources */,
				D295F4041C6C25ED003CAC2F /* Frameworks */,
				D295F4051C6C25ED003CAC2F /* Headers */,
				D295F4061C6C25ED003CAC2F /* Resources */,
			);
			buildRules = (
			);
			dependencies = (
			);
			name = "Routing watchOS";
			productName = "Routing watchOS";
			productReference = D295F4081C6C25ED003CAC2F /* Routing.framework */;
			productType = "com.apple.product-type.framework";
		};
		D295F4141C6C2612003CAC2F /* Routing tvOS */ = {
			isa = PBXNativeTarget;
			buildConfigurationList = D295F4261C6C2612003CAC2F /* Build configuration list for PBXNativeTarget "Routing tvOS" */;
			buildPhases = (
				D295F4101C6C2612003CAC2F /* Sources */,
				D295F4111C6C2612003CAC2F /* Frameworks */,
				D295F4121C6C2612003CAC2F /* Headers */,
				D295F4131C6C2612003CAC2F /* Resources */,
			);
			buildRules = (
			);
			dependencies = (
			);
			name = "Routing tvOS";
			productName = "Routing tvOS";
			productReference = D295F4151C6C2612003CAC2F /* Routing.framework */;
			productType = "com.apple.product-type.framework";
		};
		D295F41D1C6C2612003CAC2F /* Routing tvOSTests */ = {
			isa = PBXNativeTarget;
			buildConfigurationList = D295F4291C6C2612003CAC2F /* Build configuration list for PBXNativeTarget "Routing tvOSTests" */;
			buildPhases = (
				D295F41A1C6C2612003CAC2F /* Sources */,
				D295F41B1C6C2612003CAC2F /* Frameworks */,
				D295F41C1C6C2612003CAC2F /* Resources */,
				D295F4481C6C26EA003CAC2F /* Carthage */,
			);
			buildRules = (
			);
			dependencies = (
				D295F4211C6C2612003CAC2F /* PBXTargetDependency */,
			);
			name = "Routing tvOSTests";
			productName = "Routing tvOSTests";
			productReference = D295F41E1C6C2612003CAC2F /* Routing tvOSTests.xctest */;
			productType = "com.apple.product-type.bundle.unit-test";
		};
		D295F4301C6C265D003CAC2F /* Routing OSX */ = {
			isa = PBXNativeTarget;
			buildConfigurationList = D295F4421C6C265D003CAC2F /* Build configuration list for PBXNativeTarget "Routing OSX" */;
			buildPhases = (
				D295F42C1C6C265D003CAC2F /* Sources */,
				D295F42D1C6C265D003CAC2F /* Frameworks */,
				D295F42E1C6C265D003CAC2F /* Headers */,
				D295F42F1C6C265D003CAC2F /* Resources */,
			);
			buildRules = (
			);
			dependencies = (
			);
			name = "Routing OSX";
			productName = "Routing OSX";
			productReference = D295F4311C6C265D003CAC2F /* Routing.framework */;
			productType = "com.apple.product-type.framework";
		};
		D295F4391C6C265D003CAC2F /* Routing OSXTests */ = {
			isa = PBXNativeTarget;
			buildConfigurationList = D295F4451C6C265D003CAC2F /* Build configuration list for PBXNativeTarget "Routing OSXTests" */;
			buildPhases = (
				D295F4361C6C265D003CAC2F /* Sources */,
				D295F4371C6C265D003CAC2F /* Frameworks */,
				D295F4381C6C265D003CAC2F /* Resources */,
				D295F4491C6C2719003CAC2F /* Carthage */,
			);
			buildRules = (
			);
			dependencies = (
				D295F43D1C6C265D003CAC2F /* PBXTargetDependency */,
			);
			name = "Routing OSXTests";
			productName = "Routing OSXTests";
			productReference = D295F43A1C6C265D003CAC2F /* Routing OSXTests.xctest */;
			productType = "com.apple.product-type.bundle.unit-test";
		};
/* End PBXNativeTarget section */

/* Begin PBXProject section */
		92FCF9F81BB963CD00DF05C3 /* Project object */ = {
			isa = PBXProject;
			attributes = {
				LastSwiftUpdateCheck = 0720;
				LastUpgradeCheck = 0700;
				ORGANIZATIONNAME = Routing;
				TargetAttributes = {
					92FCFA001BB963CD00DF05C3 = {
						CreatedOnToolsVersion = 7.0;
					};
					92FCFA0A1BB963CD00DF05C3 = {
						CreatedOnToolsVersion = 7.0;
					};
					D295F4071C6C25ED003CAC2F = {
						CreatedOnToolsVersion = 7.2.1;
					};
					D295F4141C6C2612003CAC2F = {
						CreatedOnToolsVersion = 7.2.1;
					};
					D295F41D1C6C2612003CAC2F = {
						CreatedOnToolsVersion = 7.2.1;
					};
					D295F4301C6C265D003CAC2F = {
						CreatedOnToolsVersion = 7.2.1;
					};
					D295F4391C6C265D003CAC2F = {
						CreatedOnToolsVersion = 7.2.1;
					};
				};
			};
			buildConfigurationList = 92FCF9FB1BB963CD00DF05C3 /* Build configuration list for PBXProject "Routing" */;
			compatibilityVersion = "Xcode 3.2";
			developmentRegion = English;
			hasScannedForEncodings = 0;
			knownRegions = (
				en,
			);
			mainGroup = 92FCF9F71BB963CD00DF05C3;
			productRefGroup = 92FCFA021BB963CD00DF05C3 /* Products */;
			projectDirPath = "";
			projectRoot = "";
			targets = (
				92FCFA001BB963CD00DF05C3 /* Routing iOS */,
				92FCFA0A1BB963CD00DF05C3 /* Routing iOS Tests */,
				D295F4301C6C265D003CAC2F /* Routing OSX */,
				D295F4391C6C265D003CAC2F /* Routing OSXTests */,
				D295F4141C6C2612003CAC2F /* Routing tvOS */,
				D295F41D1C6C2612003CAC2F /* Routing tvOSTests */,
				D295F4071C6C25ED003CAC2F /* Routing watchOS */,
			);
		};
/* End PBXProject section */

/* Begin PBXResourcesBuildPhase section */
		92FCF9FF1BB963CD00DF05C3 /* Resources */ = {
			isa = PBXResourcesBuildPhase;
			buildActionMask = 2147483647;
			files = (
			);
			runOnlyForDeploymentPostprocessing = 0;
		};
		92FCFA091BB963CD00DF05C3 /* Resources */ = {
			isa = PBXResourcesBuildPhase;
			buildActionMask = 2147483647;
			files = (
			);
			runOnlyForDeploymentPostprocessing = 0;
		};
		D295F4061C6C25ED003CAC2F /* Resources */ = {
			isa = PBXResourcesBuildPhase;
			buildActionMask = 2147483647;
			files = (
			);
			runOnlyForDeploymentPostprocessing = 0;
		};
		D295F4131C6C2612003CAC2F /* Resources */ = {
			isa = PBXResourcesBuildPhase;
			buildActionMask = 2147483647;
			files = (
			);
			runOnlyForDeploymentPostprocessing = 0;
		};
		D295F41C1C6C2612003CAC2F /* Resources */ = {
			isa = PBXResourcesBuildPhase;
			buildActionMask = 2147483647;
			files = (
			);
			runOnlyForDeploymentPostprocessing = 0;
		};
		D295F42F1C6C265D003CAC2F /* Resources */ = {
			isa = PBXResourcesBuildPhase;
			buildActionMask = 2147483647;
			files = (
			);
			runOnlyForDeploymentPostprocessing = 0;
		};
		D295F4381C6C265D003CAC2F /* Resources */ = {
			isa = PBXResourcesBuildPhase;
			buildActionMask = 2147483647;
			files = (
			);
			runOnlyForDeploymentPostprocessing = 0;
		};
/* End PBXResourcesBuildPhase section */

/* Begin PBXShellScriptBuildPhase section */
		D295F4481C6C26EA003CAC2F /* Carthage */ = {
			isa = PBXShellScriptBuildPhase;
			buildActionMask = 2147483647;
			files = (
			);
			inputPaths = (
				"$(SRCROOT)/Carthage/Build/iOS/Quick.framework",
				"$(SRCROOT)/Carthage/Build/iOS/Nimble.framework",
			);
			name = Carthage;
			outputPaths = (
			);
			runOnlyForDeploymentPostprocessing = 0;
			shellPath = /bin/sh;
			shellScript = "/usr/local/bin/carthage copy-frameworks";
		};
		D295F4491C6C2719003CAC2F /* Carthage */ = {
			isa = PBXShellScriptBuildPhase;
			buildActionMask = 2147483647;
			files = (
			);
			inputPaths = (
				"$(SRCROOT)/Carthage/Build/Mac/Quick.framework",
				"$(SRCROOT)/Carthage/Build/Mac/Nimble.framework",
			);
			name = Carthage;
			outputPaths = (
			);
			runOnlyForDeploymentPostprocessing = 0;
			shellPath = /bin/sh;
			shellScript = "/usr/local/bin/carthage copy-frameworks";
		};
		D2A0660F1C57159E000F4DC8 /* Carthage */ = {
			isa = PBXShellScriptBuildPhase;
			buildActionMask = 2147483647;
			files = (
			);
			inputPaths = (
				"$(SRCROOT)/Carthage/Build/iOS/Quick.framework",
				"$(SRCROOT)/Carthage/Build/iOS/Nimble.framework",
			);
			name = Carthage;
			outputPaths = (
			);
			runOnlyForDeploymentPostprocessing = 0;
			shellPath = /bin/sh;
			shellScript = "/usr/local/bin/carthage copy-frameworks";
		};
/* End PBXShellScriptBuildPhase section */

/* Begin PBXSourcesBuildPhase section */
		92FCF9FC1BB963CD00DF05C3 /* Sources */ = {
			isa = PBXSourcesBuildPhase;
			buildActionMask = 2147483647;
			files = (
				92FCFA1C1BB9658D00DF05C3 /* Routing.swift in Sources */,
				D260C3CA1C72A5CD000AFB09 /* RoutingiOS.swift in Sources */,
			);
			runOnlyForDeploymentPostprocessing = 0;
		};
		92FCFA071BB963CD00DF05C3 /* Sources */ = {
			isa = PBXSourcesBuildPhase;
			buildActionMask = 2147483647;
			files = (
				92FCFA111BB963CD00DF05C3 /* RoutingSpec.swift in Sources */,
			);
			runOnlyForDeploymentPostprocessing = 0;
		};
		D295F4031C6C25ED003CAC2F /* Sources */ = {
			isa = PBXSourcesBuildPhase;
			buildActionMask = 2147483647;
			files = (
				D295F44C1C6C27B4003CAC2F /* Routing.swift in Sources */,
				D24C99341C8E1CA70011AA28 /* RoutingOthers.swift in Sources */,
			);
			runOnlyForDeploymentPostprocessing = 0;
		};
		D295F4101C6C2612003CAC2F /* Sources */ = {
			isa = PBXSourcesBuildPhase;
			buildActionMask = 2147483647;
			files = (
				D295F44A1C6C27B1003CAC2F /* Routing.swift in Sources */,
				D24C99331C8E1CA50011AA28 /* RoutingOthers.swift in Sources */,
			);
			runOnlyForDeploymentPostprocessing = 0;
		};
		D295F41A1C6C2612003CAC2F /* Sources */ = {
			isa = PBXSourcesBuildPhase;
			buildActionMask = 2147483647;
			files = (
				D2F926981C8E4400007783EA /* RoutingSpec.swift in Sources */,
			);
			runOnlyForDeploymentPostprocessing = 0;
		};
		D295F42C1C6C265D003CAC2F /* Sources */ = {
			isa = PBXSourcesBuildPhase;
			buildActionMask = 2147483647;
			files = (
				D295F44B1C6C27B2003CAC2F /* Routing.swift in Sources */,
				D24C99321C8E1CA40011AA28 /* RoutingOthers.swift in Sources */,
			);
			runOnlyForDeploymentPostprocessing = 0;
		};
		D295F4361C6C265D003CAC2F /* Sources */ = {
			isa = PBXSourcesBuildPhase;
			buildActionMask = 2147483647;
			files = (
				D295F44E1C6C27BE003CAC2F /* RoutingSpec.swift in Sources */,
			);
			runOnlyForDeploymentPostprocessing = 0;
		};
/* End PBXSourcesBuildPhase section */

/* Begin PBXTargetDependency section */
		92FCFA0E1BB963CD00DF05C3 /* PBXTargetDependency */ = {
			isa = PBXTargetDependency;
			target = 92FCFA001BB963CD00DF05C3 /* Routing iOS */;
			targetProxy = 92FCFA0D1BB963CD00DF05C3 /* PBXContainerItemProxy */;
		};
		D295F4211C6C2612003CAC2F /* PBXTargetDependency */ = {
			isa = PBXTargetDependency;
			target = D295F4141C6C2612003CAC2F /* Routing tvOS */;
			targetProxy = D295F4201C6C2612003CAC2F /* PBXContainerItemProxy */;
		};
		D295F43D1C6C265D003CAC2F /* PBXTargetDependency */ = {
			isa = PBXTargetDependency;
			target = D295F4301C6C265D003CAC2F /* Routing OSX */;
			targetProxy = D295F43C1C6C265D003CAC2F /* PBXContainerItemProxy */;
		};
/* End PBXTargetDependency section */

/* Begin XCBuildConfiguration section */
		92FCFA131BB963CD00DF05C3 /* Debug */ = {
			isa = XCBuildConfiguration;
			buildSettings = {
				ALWAYS_SEARCH_USER_PATHS = NO;
				CLANG_CXX_LANGUAGE_STANDARD = "gnu++0x";
				CLANG_CXX_LIBRARY = "libc++";
				CLANG_ENABLE_MODULES = YES;
				CLANG_ENABLE_OBJC_ARC = YES;
				CLANG_WARN_BOOL_CONVERSION = YES;
				CLANG_WARN_CONSTANT_CONVERSION = YES;
				CLANG_WARN_DIRECT_OBJC_ISA_USAGE = YES_ERROR;
				CLANG_WARN_EMPTY_BODY = YES;
				CLANG_WARN_ENUM_CONVERSION = YES;
				CLANG_WARN_INT_CONVERSION = YES;
				CLANG_WARN_OBJC_ROOT_CLASS = YES_ERROR;
				CLANG_WARN_UNREACHABLE_CODE = YES;
				CLANG_WARN__DUPLICATE_METHOD_MATCH = YES;
				"CODE_SIGN_IDENTITY[sdk=iphoneos*]" = "iPhone Developer";
				COPY_PHASE_STRIP = NO;
				CURRENT_PROJECT_VERSION = 1;
				DEBUG_INFORMATION_FORMAT = dwarf;
				ENABLE_STRICT_OBJC_MSGSEND = YES;
				ENABLE_TESTABILITY = YES;
				GCC_C_LANGUAGE_STANDARD = gnu99;
				GCC_DYNAMIC_NO_PIC = NO;
				GCC_NO_COMMON_BLOCKS = YES;
				GCC_OPTIMIZATION_LEVEL = 0;
				GCC_PREPROCESSOR_DEFINITIONS = (
					"DEBUG=1",
					"$(inherited)",
				);
				GCC_WARN_64_TO_32_BIT_CONVERSION = YES;
				GCC_WARN_ABOUT_RETURN_TYPE = YES_ERROR;
				GCC_WARN_UNDECLARED_SELECTOR = YES;
				GCC_WARN_UNINITIALIZED_AUTOS = YES_AGGRESSIVE;
				GCC_WARN_UNUSED_FUNCTION = YES;
				GCC_WARN_UNUSED_VARIABLE = YES;
				IPHONEOS_DEPLOYMENT_TARGET = 9.0;
				MTL_ENABLE_DEBUG_INFO = YES;
				ONLY_ACTIVE_ARCH = YES;
				SDKROOT = iphoneos;
				SWIFT_OPTIMIZATION_LEVEL = "-Onone";
				TARGETED_DEVICE_FAMILY = "1,2";
				VERSIONING_SYSTEM = "apple-generic";
				VERSION_INFO_PREFIX = "";
			};
			name = Debug;
		};
		92FCFA141BB963CD00DF05C3 /* Release */ = {
			isa = XCBuildConfiguration;
			buildSettings = {
				ALWAYS_SEARCH_USER_PATHS = NO;
				CLANG_CXX_LANGUAGE_STANDARD = "gnu++0x";
				CLANG_CXX_LIBRARY = "libc++";
				CLANG_ENABLE_MODULES = YES;
				CLANG_ENABLE_OBJC_ARC = YES;
				CLANG_WARN_BOOL_CONVERSION = YES;
				CLANG_WARN_CONSTANT_CONVERSION = YES;
				CLANG_WARN_DIRECT_OBJC_ISA_USAGE = YES_ERROR;
				CLANG_WARN_EMPTY_BODY = YES;
				CLANG_WARN_ENUM_CONVERSION = YES;
				CLANG_WARN_INT_CONVERSION = YES;
				CLANG_WARN_OBJC_ROOT_CLASS = YES_ERROR;
				CLANG_WARN_UNREACHABLE_CODE = YES;
				CLANG_WARN__DUPLICATE_METHOD_MATCH = YES;
				"CODE_SIGN_IDENTITY[sdk=iphoneos*]" = "iPhone Developer";
				COPY_PHASE_STRIP = NO;
				CURRENT_PROJECT_VERSION = 1;
				DEBUG_INFORMATION_FORMAT = "dwarf-with-dsym";
				ENABLE_NS_ASSERTIONS = NO;
				ENABLE_STRICT_OBJC_MSGSEND = YES;
				GCC_C_LANGUAGE_STANDARD = gnu99;
				GCC_NO_COMMON_BLOCKS = YES;
				GCC_WARN_64_TO_32_BIT_CONVERSION = YES;
				GCC_WARN_ABOUT_RETURN_TYPE = YES_ERROR;
				GCC_WARN_UNDECLARED_SELECTOR = YES;
				GCC_WARN_UNINITIALIZED_AUTOS = YES_AGGRESSIVE;
				GCC_WARN_UNUSED_FUNCTION = YES;
				GCC_WARN_UNUSED_VARIABLE = YES;
				IPHONEOS_DEPLOYMENT_TARGET = 9.0;
				MTL_ENABLE_DEBUG_INFO = NO;
				SDKROOT = iphoneos;
				TARGETED_DEVICE_FAMILY = "1,2";
				VALIDATE_PRODUCT = YES;
				VERSIONING_SYSTEM = "apple-generic";
				VERSION_INFO_PREFIX = "";
			};
			name = Release;
		};
		92FCFA161BB963CD00DF05C3 /* Debug */ = {
			isa = XCBuildConfiguration;
			buildSettings = {
				CLANG_ENABLE_MODULES = YES;
				DEFINES_MODULE = YES;
				DYLIB_COMPATIBILITY_VERSION = 1;
				DYLIB_CURRENT_VERSION = 1;
				DYLIB_INSTALL_NAME_BASE = "@rpath";
				INFOPLIST_FILE = Source/Info.plist;
				INSTALL_PATH = "$(LOCAL_LIBRARY_DIR)/Frameworks";
				LD_RUNPATH_SEARCH_PATHS = "$(inherited) @executable_path/Frameworks @loader_path/Frameworks";
				PRODUCT_BUNDLE_IDENTIFIER = "com.routing.$(PRODUCT_NAME:rfc1034identifier)";
				PRODUCT_NAME = Routing;
				SKIP_INSTALL = YES;
				SWIFT_OPTIMIZATION_LEVEL = "-Onone";
			};
			name = Debug;
		};
		92FCFA171BB963CD00DF05C3 /* Release */ = {
			isa = XCBuildConfiguration;
			buildSettings = {
				CLANG_ENABLE_MODULES = YES;
				DEFINES_MODULE = YES;
				DYLIB_COMPATIBILITY_VERSION = 1;
				DYLIB_CURRENT_VERSION = 1;
				DYLIB_INSTALL_NAME_BASE = "@rpath";
				INFOPLIST_FILE = Source/Info.plist;
				INSTALL_PATH = "$(LOCAL_LIBRARY_DIR)/Frameworks";
				LD_RUNPATH_SEARCH_PATHS = "$(inherited) @executable_path/Frameworks @loader_path/Frameworks";
				PRODUCT_BUNDLE_IDENTIFIER = "com.routing.$(PRODUCT_NAME:rfc1034identifier)";
				PRODUCT_NAME = Routing;
				SKIP_INSTALL = YES;
			};
			name = Release;
		};
		92FCFA191BB963CD00DF05C3 /* Debug */ = {
			isa = XCBuildConfiguration;
			buildSettings = {
				FRAMEWORK_SEARCH_PATHS = (
					"$(inherited)",
					"$(PROJECT_DIR)/Carthage/Build/iOS",
				);
				INFOPLIST_FILE = Tests/Info.plist;
				LD_RUNPATH_SEARCH_PATHS = "$(inherited) @executable_path/Frameworks @loader_path/Frameworks";
				PRODUCT_BUNDLE_IDENTIFIER = "com.routing.$(PRODUCT_NAME:rfc1034identifier)";
				PRODUCT_NAME = "$(TARGET_NAME)";
			};
			name = Debug;
		};
		92FCFA1A1BB963CD00DF05C3 /* Release */ = {
			isa = XCBuildConfiguration;
			buildSettings = {
				FRAMEWORK_SEARCH_PATHS = (
					"$(inherited)",
					"$(PROJECT_DIR)/Carthage/Build/iOS",
				);
				INFOPLIST_FILE = Tests/Info.plist;
				LD_RUNPATH_SEARCH_PATHS = "$(inherited) @executable_path/Frameworks @loader_path/Frameworks";
				PRODUCT_BUNDLE_IDENTIFIER = "com.routing.$(PRODUCT_NAME:rfc1034identifier)";
				PRODUCT_NAME = "$(TARGET_NAME)";
			};
			name = Release;
		};
		D295F40D1C6C25ED003CAC2F /* Debug */ = {
			isa = XCBuildConfiguration;
			buildSettings = {
				APPLICATION_EXTENSION_API_ONLY = YES;
				DEFINES_MODULE = YES;
				DYLIB_COMPATIBILITY_VERSION = 1;
				DYLIB_CURRENT_VERSION = 1;
				DYLIB_INSTALL_NAME_BASE = "@rpath";
				INFOPLIST_FILE = Source/Info.plist;
				INSTALL_PATH = "$(LOCAL_LIBRARY_DIR)/Frameworks";
				LD_RUNPATH_SEARCH_PATHS = "$(inherited) @executable_path/Frameworks @loader_path/Frameworks";
				PRODUCT_BUNDLE_IDENTIFIER = "com.routing.$(PRODUCT_NAME:rfc1034identifier)";
				PRODUCT_NAME = Routing;
				SDKROOT = watchos;
				SKIP_INSTALL = YES;
				TARGETED_DEVICE_FAMILY = 4;
				WATCHOS_DEPLOYMENT_TARGET = 2.1;
			};
			name = Debug;
		};
		D295F40E1C6C25ED003CAC2F /* Release */ = {
			isa = XCBuildConfiguration;
			buildSettings = {
				APPLICATION_EXTENSION_API_ONLY = YES;
				DEFINES_MODULE = YES;
				DYLIB_COMPATIBILITY_VERSION = 1;
				DYLIB_CURRENT_VERSION = 1;
				DYLIB_INSTALL_NAME_BASE = "@rpath";
				INFOPLIST_FILE = Source/Info.plist;
				INSTALL_PATH = "$(LOCAL_LIBRARY_DIR)/Frameworks";
				LD_RUNPATH_SEARCH_PATHS = "$(inherited) @executable_path/Frameworks @loader_path/Frameworks";
				PRODUCT_BUNDLE_IDENTIFIER = "com.routing.$(PRODUCT_NAME:rfc1034identifier)";
				PRODUCT_NAME = Routing;
				SDKROOT = watchos;
				SKIP_INSTALL = YES;
				TARGETED_DEVICE_FAMILY = 4;
				WATCHOS_DEPLOYMENT_TARGET = 2.1;
			};
			name = Release;
		};
		D295F4271C6C2612003CAC2F /* Debug */ = {
			isa = XCBuildConfiguration;
			buildSettings = {
				DEFINES_MODULE = YES;
				DYLIB_COMPATIBILITY_VERSION = 1;
				DYLIB_CURRENT_VERSION = 1;
				DYLIB_INSTALL_NAME_BASE = "@rpath";
				INFOPLIST_FILE = Source/Info.plist;
				INSTALL_PATH = "$(LOCAL_LIBRARY_DIR)/Frameworks";
				LD_RUNPATH_SEARCH_PATHS = "$(inherited) @executable_path/Frameworks @loader_path/Frameworks";
				PRODUCT_BUNDLE_IDENTIFIER = "com.routing.$(PRODUCT_NAME:rfc1034identifier)";
				PRODUCT_NAME = Routing;
				SDKROOT = appletvos;
				SKIP_INSTALL = YES;
				TARGETED_DEVICE_FAMILY = 3;
				TVOS_DEPLOYMENT_TARGET = 9.1;
			};
			name = Debug;
		};
		D295F4281C6C2612003CAC2F /* Release */ = {
			isa = XCBuildConfiguration;
			buildSettings = {
				DEFINES_MODULE = YES;
				DYLIB_COMPATIBILITY_VERSION = 1;
				DYLIB_CURRENT_VERSION = 1;
				DYLIB_INSTALL_NAME_BASE = "@rpath";
				INFOPLIST_FILE = Source/Info.plist;
				INSTALL_PATH = "$(LOCAL_LIBRARY_DIR)/Frameworks";
				LD_RUNPATH_SEARCH_PATHS = "$(inherited) @executable_path/Frameworks @loader_path/Frameworks";
				PRODUCT_BUNDLE_IDENTIFIER = "com.routing.$(PRODUCT_NAME:rfc1034identifier)";
				PRODUCT_NAME = Routing;
				SDKROOT = appletvos;
				SKIP_INSTALL = YES;
				TARGETED_DEVICE_FAMILY = 3;
				TVOS_DEPLOYMENT_TARGET = 9.1;
			};
			name = Release;
		};
		D295F42A1C6C2612003CAC2F /* Debug */ = {
			isa = XCBuildConfiguration;
			buildSettings = {
				INFOPLIST_FILE = Tests/Info.plist;
				LD_RUNPATH_SEARCH_PATHS = "$(inherited) @executable_path/Frameworks @loader_path/Frameworks";
				PRODUCT_BUNDLE_IDENTIFIER = "com.routing.$(PRODUCT_NAME:rfc1034identifier)";
				PRODUCT_NAME = "$(TARGET_NAME)";
				SDKROOT = appletvos;
				TVOS_DEPLOYMENT_TARGET = 9.1;
			};
			name = Debug;
		};
		D295F42B1C6C2612003CAC2F /* Release */ = {
			isa = XCBuildConfiguration;
			buildSettings = {
				INFOPLIST_FILE = Tests/Info.plist;
				LD_RUNPATH_SEARCH_PATHS = "$(inherited) @executable_path/Frameworks @loader_path/Frameworks";
				PRODUCT_BUNDLE_IDENTIFIER = "com.routing.$(PRODUCT_NAME:rfc1034identifier)";
				PRODUCT_NAME = "$(TARGET_NAME)";
				SDKROOT = appletvos;
				TVOS_DEPLOYMENT_TARGET = 9.1;
			};
			name = Release;
		};
		D295F4431C6C265D003CAC2F /* Debug */ = {
			isa = XCBuildConfiguration;
			buildSettings = {
				CODE_SIGN_IDENTITY = "-";
				COMBINE_HIDPI_IMAGES = YES;
				DEFINES_MODULE = YES;
				DYLIB_COMPATIBILITY_VERSION = 1;
				DYLIB_CURRENT_VERSION = 1;
				DYLIB_INSTALL_NAME_BASE = "@rpath";
				FRAMEWORK_VERSION = A;
				INFOPLIST_FILE = Source/Info.plist;
				INSTALL_PATH = "$(LOCAL_LIBRARY_DIR)/Frameworks";
				LD_RUNPATH_SEARCH_PATHS = "$(inherited) @executable_path/../Frameworks @loader_path/Frameworks";
				MACOSX_DEPLOYMENT_TARGET = 10.11;
				PRODUCT_BUNDLE_IDENTIFIER = "com.routing.$(PRODUCT_NAME:rfc1034identifier)";
				PRODUCT_NAME = Routing;
				SDKROOT = macosx;
				SKIP_INSTALL = YES;
			};
			name = Debug;
		};
		D295F4441C6C265D003CAC2F /* Release */ = {
			isa = XCBuildConfiguration;
			buildSettings = {
				CODE_SIGN_IDENTITY = "-";
				COMBINE_HIDPI_IMAGES = YES;
				DEFINES_MODULE = YES;
				DYLIB_COMPATIBILITY_VERSION = 1;
				DYLIB_CURRENT_VERSION = 1;
				DYLIB_INSTALL_NAME_BASE = "@rpath";
				FRAMEWORK_VERSION = A;
				INFOPLIST_FILE = Source/Info.plist;
				INSTALL_PATH = "$(LOCAL_LIBRARY_DIR)/Frameworks";
				LD_RUNPATH_SEARCH_PATHS = "$(inherited) @executable_path/../Frameworks @loader_path/Frameworks";
				MACOSX_DEPLOYMENT_TARGET = 10.11;
				PRODUCT_BUNDLE_IDENTIFIER = "com.routing.$(PRODUCT_NAME:rfc1034identifier)";
				PRODUCT_NAME = Routing;
				SDKROOT = macosx;
				SKIP_INSTALL = YES;
			};
			name = Release;
		};
		D295F4461C6C265D003CAC2F /* Debug */ = {
			isa = XCBuildConfiguration;
			buildSettings = {
				CODE_SIGN_IDENTITY = "-";
				COMBINE_HIDPI_IMAGES = YES;
				FRAMEWORK_SEARCH_PATHS = (
					"$(inherited)",
					"$(PROJECT_DIR)/Carthage/Build/Mac",
				);
				INFOPLIST_FILE = Tests/Info.plist;
				LD_RUNPATH_SEARCH_PATHS = "$(inherited) @executable_path/../Frameworks @loader_path/../Frameworks";
				MACOSX_DEPLOYMENT_TARGET = 10.11;
				PRODUCT_BUNDLE_IDENTIFIER = "com.routing.$(PRODUCT_NAME:rfc1034identifier)";
				PRODUCT_NAME = "$(TARGET_NAME)";
				SDKROOT = macosx;
			};
			name = Debug;
		};
		D295F4471C6C265D003CAC2F /* Release */ = {
			isa = XCBuildConfiguration;
			buildSettings = {
				CODE_SIGN_IDENTITY = "-";
				COMBINE_HIDPI_IMAGES = YES;
				FRAMEWORK_SEARCH_PATHS = (
					"$(inherited)",
					"$(PROJECT_DIR)/Carthage/Build/Mac",
				);
				INFOPLIST_FILE = Tests/Info.plist;
				LD_RUNPATH_SEARCH_PATHS = "$(inherited) @executable_path/../Frameworks @loader_path/../Frameworks";
				MACOSX_DEPLOYMENT_TARGET = 10.11;
				PRODUCT_BUNDLE_IDENTIFIER = "com.routing.$(PRODUCT_NAME:rfc1034identifier)";
				PRODUCT_NAME = "$(TARGET_NAME)";
				SDKROOT = macosx;
			};
			name = Release;
		};
/* End XCBuildConfiguration section */

/* Begin XCConfigurationList section */
		92FCF9FB1BB963CD00DF05C3 /* Build configuration list for PBXProject "Routing" */ = {
			isa = XCConfigurationList;
			buildConfigurations = (
				92FCFA131BB963CD00DF05C3 /* Debug */,
				92FCFA141BB963CD00DF05C3 /* Release */,
			);
			defaultConfigurationIsVisible = 0;
			defaultConfigurationName = Release;
		};
		92FCFA151BB963CD00DF05C3 /* Build configuration list for PBXNativeTarget "Routing iOS" */ = {
			isa = XCConfigurationList;
			buildConfigurations = (
				92FCFA161BB963CD00DF05C3 /* Debug */,
				92FCFA171BB963CD00DF05C3 /* Release */,
			);
			defaultConfigurationIsVisible = 0;
			defaultConfigurationName = Release;
		};
		92FCFA181BB963CD00DF05C3 /* Build configuration list for PBXNativeTarget "Routing iOS Tests" */ = {
			isa = XCConfigurationList;
			buildConfigurations = (
				92FCFA191BB963CD00DF05C3 /* Debug */,
				92FCFA1A1BB963CD00DF05C3 /* Release */,
			);
			defaultConfigurationIsVisible = 0;
			defaultConfigurationName = Release;
		};
		D295F40F1C6C25ED003CAC2F /* Build configuration list for PBXNativeTarget "Routing watchOS" */ = {
			isa = XCConfigurationList;
			buildConfigurations = (
				D295F40D1C6C25ED003CAC2F /* Debug */,
				D295F40E1C6C25ED003CAC2F /* Release */,
			);
			defaultConfigurationIsVisible = 0;
			defaultConfigurationName = Release;
		};
		D295F4261C6C2612003CAC2F /* Build configuration list for PBXNativeTarget "Routing tvOS" */ = {
			isa = XCConfigurationList;
			buildConfigurations = (
				D295F4271C6C2612003CAC2F /* Debug */,
				D295F4281C6C2612003CAC2F /* Release */,
			);
			defaultConfigurationIsVisible = 0;
			defaultConfigurationName = Release;
		};
		D295F4291C6C2612003CAC2F /* Build configuration list for PBXNativeTarget "Routing tvOSTests" */ = {
			isa = XCConfigurationList;
			buildConfigurations = (
				D295F42A1C6C2612003CAC2F /* Debug */,
				D295F42B1C6C2612003CAC2F /* Release */,
			);
			defaultConfigurationIsVisible = 0;
			defaultConfigurationName = Release;
		};
		D295F4421C6C265D003CAC2F /* Build configuration list for PBXNativeTarget "Routing OSX" */ = {
			isa = XCConfigurationList;
			buildConfigurations = (
				D295F4431C6C265D003CAC2F /* Debug */,
				D295F4441C6C265D003CAC2F /* Release */,
			);
			defaultConfigurationIsVisible = 0;
			defaultConfigurationName = Release;
		};
		D295F4451C6C265D003CAC2F /* Build configuration list for PBXNativeTarget "Routing OSXTests" */ = {
			isa = XCConfigurationList;
			buildConfigurations = (
				D295F4461C6C265D003CAC2F /* Debug */,
				D295F4471C6C265D003CAC2F /* Release */,
			);
			defaultConfigurationIsVisible = 0;
			defaultConfigurationName = Release;
		};
/* End XCConfigurationList section */
	};
	rootObject = 92FCF9F81BB963CD00DF05C3 /* Project object */;
}
