// !$*UTF8*$!
{
	archiveVersion = 1;
	classes = {
	};
	objectVersion = 46;
	objects = {

/* Begin PBXBuildFile section */
		92FCFA051BB963CD00DF05C3 /* Routing.h in Headers */ = {isa = PBXBuildFile; fileRef = 92FCFA041BB963CD00DF05C3 /* Routing.h */; settings = {ATTRIBUTES = (Public, ); }; };
		92FCFA0C1BB963CD00DF05C3 /* Routing.framework in Frameworks */ = {isa = PBXBuildFile; fileRef = 92FCFA011BB963CD00DF05C3 /* Routing.framework */; };
		92FCFA1C1BB9658D00DF05C3 /* Routing.swift in Sources */ = {isa = PBXBuildFile; fileRef = 92FCFA1B1BB9658D00DF05C3 /* Routing.swift */; };
		D24501A21D146B2F006BBDC8 /* Route.swift in Sources */ = {isa = PBXBuildFile; fileRef = D24501A11D146B2F006BBDC8 /* Route.swift */; };
		D24501A31D14D1AF006BBDC8 /* Route.swift in Sources */ = {isa = PBXBuildFile; fileRef = D24501A11D146B2F006BBDC8 /* Route.swift */; };
		D24501A41D14D1B0006BBDC8 /* Route.swift in Sources */ = {isa = PBXBuildFile; fileRef = D24501A11D146B2F006BBDC8 /* Route.swift */; };
		D24501A51D14D1B1006BBDC8 /* Route.swift in Sources */ = {isa = PBXBuildFile; fileRef = D24501A11D146B2F006BBDC8 /* Route.swift */; };
		D253AA411D8DE2C300F35644 /* RoutingTests.swift in Sources */ = {isa = PBXBuildFile; fileRef = D253AA401D8DE2C300F35644 /* RoutingTests.swift */; };
		D253AA421D8DE2C300F35644 /* RoutingTests.swift in Sources */ = {isa = PBXBuildFile; fileRef = D253AA401D8DE2C300F35644 /* RoutingTests.swift */; };
		D253AA431D8DE2D700F35644 /* RoutingTests.swift in Sources */ = {isa = PBXBuildFile; fileRef = D253AA401D8DE2C300F35644 /* RoutingTests.swift */; };
		D253AA451D8DE34000F35644 /* iOSTests.swift in Sources */ = {isa = PBXBuildFile; fileRef = D253AA441D8DE34000F35644 /* iOSTests.swift */; };
		D273364E1CFE78980004A92A /* iOS.swift in Sources */ = {isa = PBXBuildFile; fileRef = D273364D1CFE78970004A92A /* iOS.swift */; };
		D295F41F1C6C2612003CAC2F /* Routing.framework in Frameworks */ = {isa = PBXBuildFile; fileRef = D295F4151C6C2612003CAC2F /* Routing.framework */; };
		D295F43B1C6C265D003CAC2F /* Routing.framework in Frameworks */ = {isa = PBXBuildFile; fileRef = D295F4311C6C265D003CAC2F /* Routing.framework */; };
		D295F44A1C6C27B1003CAC2F /* Routing.swift in Sources */ = {isa = PBXBuildFile; fileRef = 92FCFA1B1BB9658D00DF05C3 /* Routing.swift */; };
		D295F44B1C6C27B2003CAC2F /* Routing.swift in Sources */ = {isa = PBXBuildFile; fileRef = 92FCFA1B1BB9658D00DF05C3 /* Routing.swift */; };
		D295F44C1C6C27B4003CAC2F /* Routing.swift in Sources */ = {isa = PBXBuildFile; fileRef = 92FCFA1B1BB9658D00DF05C3 /* Routing.swift */; };
		D2A0FCF51D652D5E007BF1F8 /* SecretViewController.swift in Sources */ = {isa = PBXBuildFile; fileRef = D2A0FCF41D652D5E007BF1F8 /* SecretViewController.swift */; };
		D2B653961D5799B300A38633 /* HomeViewController.swift in Sources */ = {isa = PBXBuildFile; fileRef = D2B653951D5799B300A38633 /* HomeViewController.swift */; };
		D2B6539A1D57AB8C00A38633 /* LoginViewController.swift in Sources */ = {isa = PBXBuildFile; fileRef = D2B653991D57AB8C00A38633 /* LoginViewController.swift */; };
		D2B6539C1D57ACE300A38633 /* PrivilegedInfoViewController.swift in Sources */ = {isa = PBXBuildFile; fileRef = D2B6539B1D57ACE300A38633 /* PrivilegedInfoViewController.swift */; };
		D2B6539E1D57AE1200A38633 /* SettingsViewController.swift in Sources */ = {isa = PBXBuildFile; fileRef = D2B6539D1D57AE1200A38633 /* SettingsViewController.swift */; };
		D2FCC6081D5593D5005C474B /* Routing.framework in Frameworks */ = {isa = PBXBuildFile; fileRef = 92FCFA011BB963CD00DF05C3 /* Routing.framework */; };
		D2FCC6091D5593D5005C474B /* Routing.framework in Embed Frameworks */ = {isa = PBXBuildFile; fileRef = 92FCFA011BB963CD00DF05C3 /* Routing.framework */; settings = {ATTRIBUTES = (CodeSignOnCopy, RemoveHeadersOnCopy, ); }; };
		D2FCC61B1D5593F0005C474B /* AppRoutes.swift in Sources */ = {isa = PBXBuildFile; fileRef = D2FCC60D1D5593F0005C474B /* AppRoutes.swift */; };
		D2FCC61C1D5593F0005C474B /* AppDelegate.swift in Sources */ = {isa = PBXBuildFile; fileRef = D2FCC60E1D5593F0005C474B /* AppDelegate.swift */; };
		D2FCC6231D5593F0005C474B /* Main.storyboard in Resources */ = {isa = PBXBuildFile; fileRef = D2FCC6161D5593F0005C474B /* Main.storyboard */; };
		D2FCC6241D5593F0005C474B /* Assets.xcassets in Resources */ = {isa = PBXBuildFile; fileRef = D2FCC6171D5593F0005C474B /* Assets.xcassets */; };
		D2FCC6251D5593F0005C474B /* LaunchScreen.storyboard in Resources */ = {isa = PBXBuildFile; fileRef = D2FCC6191D5593F0005C474B /* LaunchScreen.storyboard */; };
/* End PBXBuildFile section */

/* Begin PBXContainerItemProxy section */
		92FCFA0D1BB963CD00DF05C3 /* PBXContainerItemProxy */ = {
			isa = PBXContainerItemProxy;
			containerPortal = 92FCF9F81BB963CD00DF05C3 /* Project object */;
			proxyType = 1;
			remoteGlobalIDString = 92FCFA001BB963CD00DF05C3;
			remoteInfo = Routing;
		};
		D24099D11D55958B009A3FD4 /* PBXContainerItemProxy */ = {
			isa = PBXContainerItemProxy;
			containerPortal = 92FCF9F81BB963CD00DF05C3 /* Project object */;
			proxyType = 1;
			remoteGlobalIDString = D2FCC5F51D5593BF005C474B;
			remoteInfo = Example;
		};
		D295F4201C6C2612003CAC2F /* PBXContainerItemProxy */ = {
			isa = PBXContainerItemProxy;
			containerPortal = 92FCF9F81BB963CD00DF05C3 /* Project object */;
			proxyType = 1;
			remoteGlobalIDString = D295F4141C6C2612003CAC2F;
			remoteInfo = "Routing tvOS";
		};
		D295F43C1C6C265D003CAC2F /* PBXContainerItemProxy */ = {
			isa = PBXContainerItemProxy;
			containerPortal = 92FCF9F81BB963CD00DF05C3 /* Project object */;
			proxyType = 1;
			remoteGlobalIDString = D295F4301C6C265D003CAC2F;
			remoteInfo = "Routing OSX";
		};
		D2FCC60A1D5593D5005C474B /* PBXContainerItemProxy */ = {
			isa = PBXContainerItemProxy;
			containerPortal = 92FCF9F81BB963CD00DF05C3 /* Project object */;
			proxyType = 1;
			remoteGlobalIDString = 92FCFA001BB963CD00DF05C3;
			remoteInfo = "Routing iOS";
		};
/* End PBXContainerItemProxy section */

/* Begin PBXCopyFilesBuildPhase section */
		D2FCC60C1D5593D5005C474B /* Embed Frameworks */ = {
			isa = PBXCopyFilesBuildPhase;
			buildActionMask = 2147483647;
			dstPath = "";
			dstSubfolderSpec = 10;
			files = (
				D2FCC6091D5593D5005C474B /* Routing.framework in Embed Frameworks */,
			);
			name = "Embed Frameworks";
			runOnlyForDeploymentPostprocessing = 0;
		};
/* End PBXCopyFilesBuildPhase section */

/* Begin PBXFileReference section */
		92FCFA011BB963CD00DF05C3 /* Routing.framework */ = {isa = PBXFileReference; explicitFileType = wrapper.framework; includeInIndex = 0; path = Routing.framework; sourceTree = BUILT_PRODUCTS_DIR; };
		92FCFA041BB963CD00DF05C3 /* Routing.h */ = {isa = PBXFileReference; lastKnownFileType = sourcecode.c.h; path = Routing.h; sourceTree = "<group>"; };
		92FCFA061BB963CD00DF05C3 /* Info.plist */ = {isa = PBXFileReference; lastKnownFileType = text.plist.xml; path = Info.plist; sourceTree = "<group>"; };
		92FCFA0B1BB963CD00DF05C3 /* Routing iOS Tests.xctest */ = {isa = PBXFileReference; explicitFileType = wrapper.cfbundle; includeInIndex = 0; path = "Routing iOS Tests.xctest"; sourceTree = BUILT_PRODUCTS_DIR; };
		92FCFA101BB963CD00DF05C3 /* RoutingSpec.swift */ = {isa = PBXFileReference; lastKnownFileType = sourcecode.swift; path = RoutingSpec.swift; sourceTree = "<group>"; };
		92FCFA121BB963CD00DF05C3 /* Info.plist */ = {isa = PBXFileReference; lastKnownFileType = text.plist.xml; path = Info.plist; sourceTree = "<group>"; };
		92FCFA1B1BB9658D00DF05C3 /* Routing.swift */ = {isa = PBXFileReference; fileEncoding = 4; lastKnownFileType = sourcecode.swift; path = Routing.swift; sourceTree = "<group>"; };
		D2204C7F1C8FE1B400ABA4E5 /* UIKit.framework */ = {isa = PBXFileReference; lastKnownFileType = wrapper.framework; name = UIKit.framework; path = System/Library/Frameworks/UIKit.framework; sourceTree = SDKROOT; };
		D24501A11D146B2F006BBDC8 /* Route.swift */ = {isa = PBXFileReference; fileEncoding = 4; lastKnownFileType = sourcecode.swift; path = Route.swift; sourceTree = "<group>"; };
		D253AA401D8DE2C300F35644 /* RoutingTests.swift */ = {isa = PBXFileReference; fileEncoding = 4; lastKnownFileType = sourcecode.swift; path = RoutingTests.swift; sourceTree = "<group>"; };
		D253AA441D8DE34000F35644 /* iOSTests.swift */ = {isa = PBXFileReference; fileEncoding = 4; lastKnownFileType = sourcecode.swift; path = iOSTests.swift; sourceTree = "<group>"; };
		D273364D1CFE78970004A92A /* iOS.swift */ = {isa = PBXFileReference; fileEncoding = 4; lastKnownFileType = sourcecode.swift; path = iOS.swift; sourceTree = "<group>"; };
		D295F4081C6C25ED003CAC2F /* Routing.framework */ = {isa = PBXFileReference; explicitFileType = wrapper.framework; includeInIndex = 0; path = Routing.framework; sourceTree = BUILT_PRODUCTS_DIR; };
		D295F4151C6C2612003CAC2F /* Routing.framework */ = {isa = PBXFileReference; explicitFileType = wrapper.framework; includeInIndex = 0; path = Routing.framework; sourceTree = BUILT_PRODUCTS_DIR; };
		D295F41E1C6C2612003CAC2F /* Routing tvOS Tests.xctest */ = {isa = PBXFileReference; explicitFileType = wrapper.cfbundle; includeInIndex = 0; path = "Routing tvOS Tests.xctest"; sourceTree = BUILT_PRODUCTS_DIR; };
		D295F4311C6C265D003CAC2F /* Routing.framework */ = {isa = PBXFileReference; explicitFileType = wrapper.framework; includeInIndex = 0; path = Routing.framework; sourceTree = BUILT_PRODUCTS_DIR; };
		D295F43A1C6C265D003CAC2F /* Routing OSX Tests.xctest */ = {isa = PBXFileReference; explicitFileType = wrapper.cfbundle; includeInIndex = 0; path = "Routing OSX Tests.xctest"; sourceTree = BUILT_PRODUCTS_DIR; };
		D2A0FCF41D652D5E007BF1F8 /* SecretViewController.swift */ = {isa = PBXFileReference; fileEncoding = 4; lastKnownFileType = sourcecode.swift; path = SecretViewController.swift; sourceTree = "<group>"; };
		D2B653951D5799B300A38633 /* HomeViewController.swift */ = {isa = PBXFileReference; fileEncoding = 4; lastKnownFileType = sourcecode.swift; path = HomeViewController.swift; sourceTree = "<group>"; };
		D2B653991D57AB8C00A38633 /* LoginViewController.swift */ = {isa = PBXFileReference; fileEncoding = 4; lastKnownFileType = sourcecode.swift; path = LoginViewController.swift; sourceTree = "<group>"; };
		D2B6539B1D57ACE300A38633 /* PrivilegedInfoViewController.swift */ = {isa = PBXFileReference; fileEncoding = 4; lastKnownFileType = sourcecode.swift; path = PrivilegedInfoViewController.swift; sourceTree = "<group>"; };
		D2B6539D1D57AE1200A38633 /* SettingsViewController.swift */ = {isa = PBXFileReference; fileEncoding = 4; lastKnownFileType = sourcecode.swift; path = SettingsViewController.swift; sourceTree = "<group>"; };
		D2FCC5F61D5593BF005C474B /* Example.app */ = {isa = PBXFileReference; explicitFileType = wrapper.application; includeInIndex = 0; path = Example.app; sourceTree = BUILT_PRODUCTS_DIR; };
		D2FCC60D1D5593F0005C474B /* AppRoutes.swift */ = {isa = PBXFileReference; fileEncoding = 4; lastKnownFileType = sourcecode.swift; path = AppRoutes.swift; sourceTree = "<group>"; };
		D2FCC60E1D5593F0005C474B /* AppDelegate.swift */ = {isa = PBXFileReference; fileEncoding = 4; lastKnownFileType = sourcecode.swift; path = AppDelegate.swift; sourceTree = "<group>"; };
		D2FCC6151D5593F0005C474B /* Base */ = {isa = PBXFileReference; lastKnownFileType = file.storyboard; name = Base; path = Base.lproj/Main.storyboard; sourceTree = "<group>"; };
		D2FCC6171D5593F0005C474B /* Assets.xcassets */ = {isa = PBXFileReference; lastKnownFileType = folder.assetcatalog; path = Assets.xcassets; sourceTree = "<group>"; };
		D2FCC6181D5593F0005C474B /* Base */ = {isa = PBXFileReference; lastKnownFileType = file.storyboard; name = Base; path = Base.lproj/LaunchScreen.storyboard; sourceTree = "<group>"; };
		D2FCC61A1D5593F0005C474B /* Info.plist */ = {isa = PBXFileReference; fileEncoding = 4; lastKnownFileType = text.plist.xml; path = Info.plist; sourceTree = "<group>"; };
		D2FCC6271D559407005C474B /* iOSSpec.swift */ = {isa = PBXFileReference; fileEncoding = 4; lastKnownFileType = sourcecode.swift; path = iOSSpec.swift; sourceTree = "<group>"; };
/* End PBXFileReference section */

/* Begin PBXFrameworksBuildPhase section */
		92FCF9FD1BB963CD00DF05C3 /* Frameworks */ = {
			isa = PBXFrameworksBuildPhase;
			buildActionMask = 2147483647;
			files = (
			);
			runOnlyForDeploymentPostprocessing = 0;
		};
		92FCFA081BB963CD00DF05C3 /* Frameworks */ = {
			isa = PBXFrameworksBuildPhase;
			buildActionMask = 2147483647;
			files = (
				92FCFA0C1BB963CD00DF05C3 /* Routing.framework in Frameworks */,
			);
			runOnlyForDeploymentPostprocessing = 0;
		};
		D295F4041C6C25ED003CAC2F /* Frameworks */ = {
			isa = PBXFrameworksBuildPhase;
			buildActionMask = 2147483647;
			files = (
			);
			runOnlyForDeploymentPostprocessing = 0;
		};
		D295F4111C6C2612003CAC2F /* Frameworks */ = {
			isa = PBXFrameworksBuildPhase;
			buildActionMask = 2147483647;
			files = (
			);
			runOnlyForDeploymentPostprocessing = 0;
		};
		D295F41B1C6C2612003CAC2F /* Frameworks */ = {
			isa = PBXFrameworksBuildPhase;
			buildActionMask = 2147483647;
			files = (
				D295F41F1C6C2612003CAC2F /* Routing.framework in Frameworks */,
			);
			runOnlyForDeploymentPostprocessing = 0;
		};
		D295F42D1C6C265D003CAC2F /* Frameworks */ = {
			isa = PBXFrameworksBuildPhase;
			buildActionMask = 2147483647;
			files = (
			);
			runOnlyForDeploymentPostprocessing = 0;
		};
		D295F4371C6C265D003CAC2F /* Frameworks */ = {
			isa = PBXFrameworksBuildPhase;
			buildActionMask = 2147483647;
			files = (
				D295F43B1C6C265D003CAC2F /* Routing.framework in Frameworks */,
			);
			runOnlyForDeploymentPostprocessing = 0;
		};
		D2FCC5F31D5593BF005C474B /* Frameworks */ = {
			isa = PBXFrameworksBuildPhase;
			buildActionMask = 2147483647;
			files = (
				D2FCC6081D5593D5005C474B /* Routing.framework in Frameworks */,
			);
			runOnlyForDeploymentPostprocessing = 0;
		};
/* End PBXFrameworksBuildPhase section */

/* Begin PBXGroup section */
		92FCF9F71BB963CD00DF05C3 = {
			isa = PBXGroup;
			children = (
				D2F5D0591C570ED600317401 /* Frameworks */,
				D2FCC5F71D5593BF005C474B /* Example */,
				92FCFA031BB963CD00DF05C3 /* Source */,
				92FCFA0F1BB963CD00DF05C3 /* Tests */,
				92FCFA021BB963CD00DF05C3 /* Products */,
			);
			sourceTree = "<group>";
		};
		92FCFA021BB963CD00DF05C3 /* Products */ = {
			isa = PBXGroup;
			children = (
				92FCFA011BB963CD00DF05C3 /* Routing.framework */,
				92FCFA0B1BB963CD00DF05C3 /* Routing iOS Tests.xctest */,
				D295F4081C6C25ED003CAC2F /* Routing.framework */,
				D295F4151C6C2612003CAC2F /* Routing.framework */,
				D295F41E1C6C2612003CAC2F /* Routing tvOS Tests.xctest */,
				D295F4311C6C265D003CAC2F /* Routing.framework */,
				D295F43A1C6C265D003CAC2F /* Routing OSX Tests.xctest */,
				D2FCC5F61D5593BF005C474B /* Example.app */,
			);
			name = Products;
			sourceTree = "<group>";
		};
		92FCFA031BB963CD00DF05C3 /* Source */ = {
			isa = PBXGroup;
			children = (
				92FCFA041BB963CD00DF05C3 /* Routing.h */,
				D273364D1CFE78970004A92A /* iOS.swift */,
				D24501A11D146B2F006BBDC8 /* Route.swift */,
				92FCFA1B1BB9658D00DF05C3 /* Routing.swift */,
				92FCFA061BB963CD00DF05C3 /* Info.plist */,
			);
			path = Source;
			sourceTree = "<group>";
		};
		92FCFA0F1BB963CD00DF05C3 /* Tests */ = {
			isa = PBXGroup;
			children = (
				92FCFA101BB963CD00DF05C3 /* RoutingSpec.swift */,
				D253AA401D8DE2C300F35644 /* RoutingTests.swift */,
				D253AA441D8DE34000F35644 /* iOSTests.swift */,
				D2FCC6271D559407005C474B /* iOSSpec.swift */,
				92FCFA121BB963CD00DF05C3 /* Info.plist */,
			);
			path = Tests;
			sourceTree = "<group>";
		};
		D2F5D0591C570ED600317401 /* Frameworks */ = {
			isa = PBXGroup;
			children = (
				D2204C7F1C8FE1B400ABA4E5 /* UIKit.framework */,
			);
			name = Frameworks;
			sourceTree = "<group>";
		};
		D2FCC5F71D5593BF005C474B /* Example */ = {
			isa = PBXGroup;
			children = (
				D2FCC60E1D5593F0005C474B /* AppDelegate.swift */,
				D2FCC60D1D5593F0005C474B /* AppRoutes.swift */,
				D2B653951D5799B300A38633 /* HomeViewController.swift */,
				D2B653991D57AB8C00A38633 /* LoginViewController.swift */,
				D2B6539B1D57ACE300A38633 /* PrivilegedInfoViewController.swift */,
				D2B6539D1D57AE1200A38633 /* SettingsViewController.swift */,
				D2A0FCF41D652D5E007BF1F8 /* SecretViewController.swift */,
				D2FCC6161D5593F0005C474B /* Main.storyboard */,
				D2FCC6171D5593F0005C474B /* Assets.xcassets */,
				D2FCC6191D5593F0005C474B /* LaunchScreen.storyboard */,
				D2FCC61A1D5593F0005C474B /* Info.plist */,
			);
			path = Example;
			sourceTree = "<group>";
		};
/* End PBXGroup section */

/* Begin PBXHeadersBuildPhase section */
		92FCF9FE1BB963CD00DF05C3 /* Headers */ = {
			isa = PBXHeadersBuildPhase;
			buildActionMask = 2147483647;
			files = (
				92FCFA051BB963CD00DF05C3 /* Routing.h in Headers */,
			);
			runOnlyForDeploymentPostprocessing = 0;
		};
		D295F4051C6C25ED003CAC2F /* Headers */ = {
			isa = PBXHeadersBuildPhase;
			buildActionMask = 2147483647;
			files = (
			);
			runOnlyForDeploymentPostprocessing = 0;
		};
		D295F4121C6C2612003CAC2F /* Headers */ = {
			isa = PBXHeadersBuildPhase;
			buildActionMask = 2147483647;
			files = (
			);
			runOnlyForDeploymentPostprocessing = 0;
		};
		D295F42E1C6C265D003CAC2F /* Headers */ = {
			isa = PBXHeadersBuildPhase;
			buildActionMask = 2147483647;
			files = (
			);
			runOnlyForDeploymentPostprocessing = 0;
		};
/* End PBXHeadersBuildPhase section */

/* Begin PBXNativeTarget section */
		92FCFA001BB963CD00DF05C3 /* Routing iOS */ = {
			isa = PBXNativeTarget;
			buildConfigurationList = 92FCFA151BB963CD00DF05C3 /* Build configuration list for PBXNativeTarget "Routing iOS" */;
			buildPhases = (
				92FCF9FC1BB963CD00DF05C3 /* Sources */,
				92FCF9FD1BB963CD00DF05C3 /* Frameworks */,
				92FCF9FE1BB963CD00DF05C3 /* Headers */,
				92FCF9FF1BB963CD00DF05C3 /* Resources */,
			);
			buildRules = (
			);
			dependencies = (
			);
			name = "Routing iOS";
			productName = Routing;
			productReference = 92FCFA011BB963CD00DF05C3 /* Routing.framework */;
			productType = "com.apple.product-type.framework";
		};
		92FCFA0A1BB963CD00DF05C3 /* Routing iOS Tests */ = {
			isa = PBXNativeTarget;
			buildConfigurationList = 92FCFA181BB963CD00DF05C3 /* Build configuration list for PBXNativeTarget "Routing iOS Tests" */;
			buildPhases = (
				92FCFA071BB963CD00DF05C3 /* Sources */,
				92FCFA081BB963CD00DF05C3 /* Frameworks */,
				92FCFA091BB963CD00DF05C3 /* Resources */,
			);
			buildRules = (
			);
			dependencies = (
				92FCFA0E1BB963CD00DF05C3 /* PBXTargetDependency */,
				D24099D21D55958B009A3FD4 /* PBXTargetDependency */,
			);
			name = "Routing iOS Tests";
			productName = RoutingTests;
			productReference = 92FCFA0B1BB963CD00DF05C3 /* Routing iOS Tests.xctest */;
			productType = "com.apple.product-type.bundle.unit-test";
		};
		D295F4071C6C25ED003CAC2F /* Routing watchOS */ = {
			isa = PBXNativeTarget;
			buildConfigurationList = D295F40F1C6C25ED003CAC2F /* Build configuration list for PBXNativeTarget "Routing watchOS" */;
			buildPhases = (
				D295F4031C6C25ED003CAC2F /* Sources */,
				D295F4041C6C25ED003CAC2F /* Frameworks */,
				D295F4051C6C25ED003CAC2F /* Headers */,
				D295F4061C6C25ED003CAC2F /* Resources */,
			);
			buildRules = (
			);
			dependencies = (
			);
			name = "Routing watchOS";
			productName = "Routing watchOS";
			productReference = D295F4081C6C25ED003CAC2F /* Routing.framework */;
			productType = "com.apple.product-type.framework";
		};
		D295F4141C6C2612003CAC2F /* Routing tvOS */ = {
			isa = PBXNativeTarget;
			buildConfigurationList = D295F4261C6C2612003CAC2F /* Build configuration list for PBXNativeTarget "Routing tvOS" */;
			buildPhases = (
				D295F4101C6C2612003CAC2F /* Sources */,
				D295F4111C6C2612003CAC2F /* Frameworks */,
				D295F4121C6C2612003CAC2F /* Headers */,
				D295F4131C6C2612003CAC2F /* Resources */,
			);
			buildRules = (
			);
			dependencies = (
			);
			name = "Routing tvOS";
			productName = "Routing tvOS";
			productReference = D295F4151C6C2612003CAC2F /* Routing.framework */;
			productType = "com.apple.product-type.framework";
		};
		D295F41D1C6C2612003CAC2F /* Routing tvOS Tests */ = {
			isa = PBXNativeTarget;
			buildConfigurationList = D295F4291C6C2612003CAC2F /* Build configuration list for PBXNativeTarget "Routing tvOS Tests" */;
			buildPhases = (
				D295F41A1C6C2612003CAC2F /* Sources */,
				D295F41B1C6C2612003CAC2F /* Frameworks */,
				D295F41C1C6C2612003CAC2F /* Resources */,
			);
			buildRules = (
			);
			dependencies = (
				D295F4211C6C2612003CAC2F /* PBXTargetDependency */,
			);
			name = "Routing tvOS Tests";
			productName = "Routing tvOSTests";
			productReference = D295F41E1C6C2612003CAC2F /* Routing tvOS Tests.xctest */;
			productType = "com.apple.product-type.bundle.unit-test";
		};
		D295F4301C6C265D003CAC2F /* Routing OSX */ = {
			isa = PBXNativeTarget;
			buildConfigurationList = D295F4421C6C265D003CAC2F /* Build configuration list for PBXNativeTarget "Routing OSX" */;
			buildPhases = (
				D295F42C1C6C265D003CAC2F /* Sources */,
				D295F42D1C6C265D003CAC2F /* Frameworks */,
				D295F42E1C6C265D003CAC2F /* Headers */,
				D295F42F1C6C265D003CAC2F /* Resources */,
			);
			buildRules = (
			);
			dependencies = (
			);
			name = "Routing OSX";
			productName = "Routing OSX";
			productReference = D295F4311C6C265D003CAC2F /* Routing.framework */;
			productType = "com.apple.product-type.framework";
		};
		D295F4391C6C265D003CAC2F /* Routing OSX Tests */ = {
			isa = PBXNativeTarget;
			buildConfigurationList = D295F4451C6C265D003CAC2F /* Build configuration list for PBXNativeTarget "Routing OSX Tests" */;
			buildPhases = (
				D295F4361C6C265D003CAC2F /* Sources */,
				D295F4371C6C265D003CAC2F /* Frameworks */,
				D295F4381C6C265D003CAC2F /* Resources */,
			);
			buildRules = (
			);
			dependencies = (
				D295F43D1C6C265D003CAC2F /* PBXTargetDependency */,
			);
			name = "Routing OSX Tests";
			productName = "Routing OSXTests";
			productReference = D295F43A1C6C265D003CAC2F /* Routing OSX Tests.xctest */;
			productType = "com.apple.product-type.bundle.unit-test";
		};
		D2FCC5F51D5593BF005C474B /* Example */ = {
			isa = PBXNativeTarget;
			buildConfigurationList = D2FCC6071D5593BF005C474B /* Build configuration list for PBXNativeTarget "Example" */;
			buildPhases = (
				D2FCC5F21D5593BF005C474B /* Sources */,
				D2FCC5F31D5593BF005C474B /* Frameworks */,
				D2FCC5F41D5593BF005C474B /* Resources */,
				D2FCC60C1D5593D5005C474B /* Embed Frameworks */,
			);
			buildRules = (
			);
			dependencies = (
				D2FCC60B1D5593D5005C474B /* PBXTargetDependency */,
			);
			name = Example;
			productName = Example;
			productReference = D2FCC5F61D5593BF005C474B /* Example.app */;
			productType = "com.apple.product-type.application";
		};
/* End PBXNativeTarget section */

/* Begin PBXProject section */
		92FCF9F81BB963CD00DF05C3 /* Project object */ = {
			isa = PBXProject;
			attributes = {
				LastSwiftUpdateCheck = 0730;
				LastUpgradeCheck = 0800;
				ORGANIZATIONNAME = Routing;
				TargetAttributes = {
					92FCFA001BB963CD00DF05C3 = {
						CreatedOnToolsVersion = 7.0;
						LastSwiftMigration = 0800;
					};
					92FCFA0A1BB963CD00DF05C3 = {
						CreatedOnToolsVersion = 7.0;
						LastSwiftMigration = 0800;
						TestTargetID = D2FCC5F51D5593BF005C474B;
					};
					D295F4071C6C25ED003CAC2F = {
						CreatedOnToolsVersion = 7.2.1;
					};
					D295F4141C6C2612003CAC2F = {
						CreatedOnToolsVersion = 7.2.1;
					};
					D295F41D1C6C2612003CAC2F = {
						CreatedOnToolsVersion = 7.2.1;
					};
					D295F4301C6C265D003CAC2F = {
						CreatedOnToolsVersion = 7.2.1;
					};
					D295F4391C6C265D003CAC2F = {
						CreatedOnToolsVersion = 7.2.1;
					};
					D2FCC5F51D5593BF005C474B = {
						CreatedOnToolsVersion = 7.3.1;
						LastSwiftMigration = 0800;
					};
				};
			};
			buildConfigurationList = 92FCF9FB1BB963CD00DF05C3 /* Build configuration list for PBXProject "Routing" */;
			compatibilityVersion = "Xcode 3.2";
			developmentRegion = English;
			hasScannedForEncodings = 0;
			knownRegions = (
				en,
				Base,
			);
			mainGroup = 92FCF9F71BB963CD00DF05C3;
			productRefGroup = 92FCFA021BB963CD00DF05C3 /* Products */;
			projectDirPath = "";
			projectRoot = "";
			targets = (
				D2FCC5F51D5593BF005C474B /* Example */,
				92FCFA001BB963CD00DF05C3 /* Routing iOS */,
				92FCFA0A1BB963CD00DF05C3 /* Routing iOS Tests */,
				D295F4301C6C265D003CAC2F /* Routing OSX */,
				D295F4391C6C265D003CAC2F /* Routing OSX Tests */,
				D295F4141C6C2612003CAC2F /* Routing tvOS */,
				D295F41D1C6C2612003CAC2F /* Routing tvOS Tests */,
				D295F4071C6C25ED003CAC2F /* Routing watchOS */,
			);
		};
/* End PBXProject section */

/* Begin PBXResourcesBuildPhase section */
		92FCF9FF1BB963CD00DF05C3 /* Resources */ = {
			isa = PBXResourcesBuildPhase;
			buildActionMask = 2147483647;
			files = (
			);
			runOnlyForDeploymentPostprocessing = 0;
		};
		92FCFA091BB963CD00DF05C3 /* Resources */ = {
			isa = PBXResourcesBuildPhase;
			buildActionMask = 2147483647;
			files = (
			);
			runOnlyForDeploymentPostprocessing = 0;
		};
		D295F4061C6C25ED003CAC2F /* Resources */ = {
			isa = PBXResourcesBuildPhase;
			buildActionMask = 2147483647;
			files = (
			);
			runOnlyForDeploymentPostprocessing = 0;
		};
		D295F4131C6C2612003CAC2F /* Resources */ = {
			isa = PBXResourcesBuildPhase;
			buildActionMask = 2147483647;
			files = (
			);
			runOnlyForDeploymentPostprocessing = 0;
		};
		D295F41C1C6C2612003CAC2F /* Resources */ = {
			isa = PBXResourcesBuildPhase;
			buildActionMask = 2147483647;
			files = (
			);
			runOnlyForDeploymentPostprocessing = 0;
		};
		D295F42F1C6C265D003CAC2F /* Resources */ = {
			isa = PBXResourcesBuildPhase;
			buildActionMask = 2147483647;
			files = (
			);
			runOnlyForDeploymentPostprocessing = 0;
		};
		D295F4381C6C265D003CAC2F /* Resources */ = {
			isa = PBXResourcesBuildPhase;
			buildActionMask = 2147483647;
			files = (
			);
			runOnlyForDeploymentPostprocessing = 0;
		};
		D2FCC5F41D5593BF005C474B /* Resources */ = {
			isa = PBXResourcesBuildPhase;
			buildActionMask = 2147483647;
			files = (
				D2FCC6251D5593F0005C474B /* LaunchScreen.storyboard in Resources */,
				D2FCC6241D5593F0005C474B /* Assets.xcassets in Resources */,
				D2FCC6231D5593F0005C474B /* Main.storyboard in Resources */,
			);
			runOnlyForDeploymentPostprocessing = 0;
		};
/* End PBXResourcesBuildPhase section */

/* Begin PBXSourcesBuildPhase section */
		92FCF9FC1BB963CD00DF05C3 /* Sources */ = {
			isa = PBXSourcesBuildPhase;
			buildActionMask = 2147483647;
			files = (
				D24501A21D146B2F006BBDC8 /* Route.swift in Sources */,
				D273364E1CFE78980004A92A /* iOS.swift in Sources */,
				92FCFA1C1BB9658D00DF05C3 /* Routing.swift in Sources */,
			);
			runOnlyForDeploymentPostprocessing = 0;
		};
		92FCFA071BB963CD00DF05C3 /* Sources */ = {
			isa = PBXSourcesBuildPhase;
			buildActionMask = 2147483647;
			files = (
				D253AA411D8DE2C300F35644 /* RoutingTests.swift in Sources */,
				D253AA451D8DE34000F35644 /* iOSTests.swift in Sources */,
			);
			runOnlyForDeploymentPostprocessing = 0;
		};
		D295F4031C6C25ED003CAC2F /* Sources */ = {
			isa = PBXSourcesBuildPhase;
			buildActionMask = 2147483647;
			files = (
				D295F44C1C6C27B4003CAC2F /* Routing.swift in Sources */,
				D24501A51D14D1B1006BBDC8 /* Route.swift in Sources */,
			);
			runOnlyForDeploymentPostprocessing = 0;
		};
		D295F4101C6C2612003CAC2F /* Sources */ = {
			isa = PBXSourcesBuildPhase;
			buildActionMask = 2147483647;
			files = (
				D295F44A1C6C27B1003CAC2F /* Routing.swift in Sources */,
				D24501A41D14D1B0006BBDC8 /* Route.swift in Sources */,
			);
			runOnlyForDeploymentPostprocessing = 0;
		};
		D295F41A1C6C2612003CAC2F /* Sources */ = {
			isa = PBXSourcesBuildPhase;
			buildActionMask = 2147483647;
			files = (
				D253AA431D8DE2D700F35644 /* RoutingTests.swift in Sources */,
			);
			runOnlyForDeploymentPostprocessing = 0;
		};
		D295F42C1C6C265D003CAC2F /* Sources */ = {
			isa = PBXSourcesBuildPhase;
			buildActionMask = 2147483647;
			files = (
				D295F44B1C6C27B2003CAC2F /* Routing.swift in Sources */,
				D24501A31D14D1AF006BBDC8 /* Route.swift in Sources */,
			);
			runOnlyForDeploymentPostprocessing = 0;
		};
		D295F4361C6C265D003CAC2F /* Sources */ = {
			isa = PBXSourcesBuildPhase;
			buildActionMask = 2147483647;
			files = (
				D253AA421D8DE2C300F35644 /* RoutingTests.swift in Sources */,
			);
			runOnlyForDeploymentPostprocessing = 0;
		};
		D2FCC5F21D5593BF005C474B /* Sources */ = {
			isa = PBXSourcesBuildPhase;
			buildActionMask = 2147483647;
			files = (
				D2B6539C1D57ACE300A38633 /* PrivilegedInfoViewController.swift in Sources */,
				D2A0FCF51D652D5E007BF1F8 /* SecretViewController.swift in Sources */,
				D2B6539A1D57AB8C00A38633 /* LoginViewController.swift in Sources */,
				D2FCC61C1D5593F0005C474B /* AppDelegate.swift in Sources */,
				D2FCC61B1D5593F0005C474B /* AppRoutes.swift in Sources */,
				D2B653961D5799B300A38633 /* HomeViewController.swift in Sources */,
				D2B6539E1D57AE1200A38633 /* SettingsViewController.swift in Sources */,
			);
			runOnlyForDeploymentPostprocessing = 0;
		};
/* End PBXSourcesBuildPhase section */

/* Begin PBXTargetDependency section */
		92FCFA0E1BB963CD00DF05C3 /* PBXTargetDependency */ = {
			isa = PBXTargetDependency;
			target = 92FCFA001BB963CD00DF05C3 /* Routing iOS */;
			targetProxy = 92FCFA0D1BB963CD00DF05C3 /* PBXContainerItemProxy */;
		};
		D24099D21D55958B009A3FD4 /* PBXTargetDependency */ = {
			isa = PBXTargetDependency;
			target = D2FCC5F51D5593BF005C474B /* Example */;
			targetProxy = D24099D11D55958B009A3FD4 /* PBXContainerItemProxy */;
		};
		D295F4211C6C2612003CAC2F /* PBXTargetDependency */ = {
			isa = PBXTargetDependency;
			target = D295F4141C6C2612003CAC2F /* Routing tvOS */;
			targetProxy = D295F4201C6C2612003CAC2F /* PBXContainerItemProxy */;
		};
		D295F43D1C6C265D003CAC2F /* PBXTargetDependency */ = {
			isa = PBXTargetDependency;
			target = D295F4301C6C265D003CAC2F /* Routing OSX */;
			targetProxy = D295F43C1C6C265D003CAC2F /* PBXContainerItemProxy */;
		};
		D2FCC60B1D5593D5005C474B /* PBXTargetDependency */ = {
			isa = PBXTargetDependency;
			target = 92FCFA001BB963CD00DF05C3 /* Routing iOS */;
			targetProxy = D2FCC60A1D5593D5005C474B /* PBXContainerItemProxy */;
		};
/* End PBXTargetDependency section */

/* Begin PBXVariantGroup section */
		D2FCC6161D5593F0005C474B /* Main.storyboard */ = {
			isa = PBXVariantGroup;
			children = (
				D2FCC6151D5593F0005C474B /* Base */,
			);
			name = Main.storyboard;
			sourceTree = "<group>";
		};
		D2FCC6191D5593F0005C474B /* LaunchScreen.storyboard */ = {
			isa = PBXVariantGroup;
			children = (
				D2FCC6181D5593F0005C474B /* Base */,
			);
			name = LaunchScreen.storyboard;
			sourceTree = "<group>";
		};
/* End PBXVariantGroup section */

/* Begin XCBuildConfiguration section */
		92FCFA131BB963CD00DF05C3 /* Debug */ = {
			isa = XCBuildConfiguration;
			buildSettings = {
				ALWAYS_SEARCH_USER_PATHS = NO;
				CLANG_CXX_LANGUAGE_STANDARD = "gnu++0x";
				CLANG_CXX_LIBRARY = "libc++";
				CLANG_ENABLE_MODULES = YES;
				CLANG_ENABLE_OBJC_ARC = YES;
				CLANG_WARN_BOOL_CONVERSION = YES;
				CLANG_WARN_CONSTANT_CONVERSION = YES;
				CLANG_WARN_DIRECT_OBJC_ISA_USAGE = YES_ERROR;
				CLANG_WARN_EMPTY_BODY = YES;
				CLANG_WARN_ENUM_CONVERSION = YES;
				CLANG_WARN_INFINITE_RECURSION = YES;
				CLANG_WARN_INT_CONVERSION = YES;
				CLANG_WARN_OBJC_ROOT_CLASS = YES_ERROR;
				CLANG_WARN_SUSPICIOUS_MOVE = YES;
				CLANG_WARN_UNREACHABLE_CODE = YES;
				CLANG_WARN__DUPLICATE_METHOD_MATCH = YES;
				"CODE_SIGN_IDENTITY[sdk=iphoneos*]" = "iPhone Developer";
				COPY_PHASE_STRIP = NO;
				CURRENT_PROJECT_VERSION = 1;
				DEBUG_INFORMATION_FORMAT = dwarf;
				ENABLE_STRICT_OBJC_MSGSEND = YES;
				ENABLE_TESTABILITY = YES;
				GCC_C_LANGUAGE_STANDARD = gnu99;
				GCC_DYNAMIC_NO_PIC = NO;
				GCC_NO_COMMON_BLOCKS = YES;
				GCC_OPTIMIZATION_LEVEL = 0;
				GCC_PREPROCESSOR_DEFINITIONS = (
					"DEBUG=1",
					"$(inherited)",
				);
				GCC_WARN_64_TO_32_BIT_CONVERSION = YES;
				GCC_WARN_ABOUT_RETURN_TYPE = YES_ERROR;
				GCC_WARN_UNDECLARED_SELECTOR = YES;
				GCC_WARN_UNINITIALIZED_AUTOS = YES_AGGRESSIVE;
				GCC_WARN_UNUSED_FUNCTION = YES;
				GCC_WARN_UNUSED_VARIABLE = YES;
				IPHONEOS_DEPLOYMENT_TARGET = 8.0;
				MTL_ENABLE_DEBUG_INFO = YES;
				ONLY_ACTIVE_ARCH = YES;
				SDKROOT = iphoneos;
				SWIFT_OPTIMIZATION_LEVEL = "-Onone";
				TARGETED_DEVICE_FAMILY = "1,2";
				VERSIONING_SYSTEM = "apple-generic";
				VERSION_INFO_PREFIX = "";
			};
			name = Debug;
		};
		92FCFA141BB963CD00DF05C3 /* Release */ = {
			isa = XCBuildConfiguration;
			buildSettings = {
				ALWAYS_SEARCH_USER_PATHS = NO;
				CLANG_CXX_LANGUAGE_STANDARD = "gnu++0x";
				CLANG_CXX_LIBRARY = "libc++";
				CLANG_ENABLE_MODULES = YES;
				CLANG_ENABLE_OBJC_ARC = YES;
				CLANG_WARN_BOOL_CONVERSION = YES;
				CLANG_WARN_CONSTANT_CONVERSION = YES;
				CLANG_WARN_DIRECT_OBJC_ISA_USAGE = YES_ERROR;
				CLANG_WARN_EMPTY_BODY = YES;
				CLANG_WARN_ENUM_CONVERSION = YES;
				CLANG_WARN_INFINITE_RECURSION = YES;
				CLANG_WARN_INT_CONVERSION = YES;
				CLANG_WARN_OBJC_ROOT_CLASS = YES_ERROR;
				CLANG_WARN_SUSPICIOUS_MOVE = YES;
				CLANG_WARN_UNREACHABLE_CODE = YES;
				CLANG_WARN__DUPLICATE_METHOD_MATCH = YES;
				"CODE_SIGN_IDENTITY[sdk=iphoneos*]" = "iPhone Developer";
				COPY_PHASE_STRIP = NO;
				CURRENT_PROJECT_VERSION = 1;
				DEBUG_INFORMATION_FORMAT = "dwarf-with-dsym";
				ENABLE_NS_ASSERTIONS = NO;
				ENABLE_STRICT_OBJC_MSGSEND = YES;
				GCC_C_LANGUAGE_STANDARD = gnu99;
				GCC_NO_COMMON_BLOCKS = YES;
				GCC_WARN_64_TO_32_BIT_CONVERSION = YES;
				GCC_WARN_ABOUT_RETURN_TYPE = YES_ERROR;
				GCC_WARN_UNDECLARED_SELECTOR = YES;
				GCC_WARN_UNINITIALIZED_AUTOS = YES_AGGRESSIVE;
				GCC_WARN_UNUSED_FUNCTION = YES;
				GCC_WARN_UNUSED_VARIABLE = YES;
				IPHONEOS_DEPLOYMENT_TARGET = 8.0;
				MTL_ENABLE_DEBUG_INFO = NO;
				SDKROOT = iphoneos;
				SWIFT_OPTIMIZATION_LEVEL = "-Owholemodule";
				TARGETED_DEVICE_FAMILY = "1,2";
				VALIDATE_PRODUCT = YES;
				VERSIONING_SYSTEM = "apple-generic";
				VERSION_INFO_PREFIX = "";
			};
			name = Release;
		};
		92FCFA161BB963CD00DF05C3 /* Debug */ = {
			isa = XCBuildConfiguration;
			buildSettings = {
				CLANG_ENABLE_MODULES = YES;
				"CODE_SIGN_IDENTITY[sdk=iphoneos*]" = "";
				DEFINES_MODULE = YES;
				DYLIB_COMPATIBILITY_VERSION = 1;
				DYLIB_CURRENT_VERSION = 1;
				DYLIB_INSTALL_NAME_BASE = "@rpath";
				INFOPLIST_FILE = Source/Info.plist;
				INSTALL_PATH = "$(LOCAL_LIBRARY_DIR)/Frameworks";
				LD_RUNPATH_SEARCH_PATHS = "$(inherited) @executable_path/Frameworks @loader_path/Frameworks";
				PRODUCT_BUNDLE_IDENTIFIER = "com.routing.$(PRODUCT_NAME:rfc1034identifier)";
				PRODUCT_NAME = Routing;
				SKIP_INSTALL = YES;
				SWIFT_OPTIMIZATION_LEVEL = "-Onone";
				SWIFT_VERSION = 3.0;
			};
			name = Debug;
		};
		92FCFA171BB963CD00DF05C3 /* Release */ = {
			isa = XCBuildConfiguration;
			buildSettings = {
				CLANG_ENABLE_MODULES = YES;
				"CODE_SIGN_IDENTITY[sdk=iphoneos*]" = "";
				DEFINES_MODULE = YES;
				DYLIB_COMPATIBILITY_VERSION = 1;
				DYLIB_CURRENT_VERSION = 1;
				DYLIB_INSTALL_NAME_BASE = "@rpath";
				INFOPLIST_FILE = Source/Info.plist;
				INSTALL_PATH = "$(LOCAL_LIBRARY_DIR)/Frameworks";
				LD_RUNPATH_SEARCH_PATHS = "$(inherited) @executable_path/Frameworks @loader_path/Frameworks";
				PRODUCT_BUNDLE_IDENTIFIER = "com.routing.$(PRODUCT_NAME:rfc1034identifier)";
				PRODUCT_NAME = Routing;
				SKIP_INSTALL = YES;
				SWIFT_VERSION = 3.0;
			};
			name = Release;
		};
		92FCFA191BB963CD00DF05C3 /* Debug */ = {
			isa = XCBuildConfiguration;
			buildSettings = {
				FRAMEWORK_SEARCH_PATHS = (
					"$(inherited)",
					"$(PROJECT_DIR)/Carthage/Build/iOS",
				);
				INFOPLIST_FILE = Tests/Info.plist;
				LD_RUNPATH_SEARCH_PATHS = "$(inherited) @executable_path/Frameworks @loader_path/Frameworks";
				PRODUCT_BUNDLE_IDENTIFIER = "com.routing.$(PRODUCT_NAME:rfc1034identifier)";
				PRODUCT_NAME = "$(TARGET_NAME)";
				SWIFT_VERSION = 3.0;
				TEST_HOST = "$(BUILT_PRODUCTS_DIR)/Example.app/Example";
			};
			name = Debug;
		};
		92FCFA1A1BB963CD00DF05C3 /* Release */ = {
			isa = XCBuildConfiguration;
			buildSettings = {
				FRAMEWORK_SEARCH_PATHS = (
					"$(inherited)",
					"$(PROJECT_DIR)/Carthage/Build/iOS",
				);
				INFOPLIST_FILE = Tests/Info.plist;
				LD_RUNPATH_SEARCH_PATHS = "$(inherited) @executable_path/Frameworks @loader_path/Frameworks";
				PRODUCT_BUNDLE_IDENTIFIER = "com.routing.$(PRODUCT_NAME:rfc1034identifier)";
				PRODUCT_NAME = "$(TARGET_NAME)";
				SWIFT_VERSION = 3.0;
				TEST_HOST = "$(BUILT_PRODUCTS_DIR)/Example.app/Example";
			};
			name = Release;
		};
		D295F40D1C6C25ED003CAC2F /* Debug */ = {
			isa = XCBuildConfiguration;
			buildSettings = {
				APPLICATION_EXTENSION_API_ONLY = YES;
				"CODE_SIGN_IDENTITY[sdk=watchos*]" = "";
				DEFINES_MODULE = YES;
				DYLIB_COMPATIBILITY_VERSION = 1;
				DYLIB_CURRENT_VERSION = 1;
				DYLIB_INSTALL_NAME_BASE = "@rpath";
				INFOPLIST_FILE = Source/Info.plist;
				INSTALL_PATH = "$(LOCAL_LIBRARY_DIR)/Frameworks";
				LD_RUNPATH_SEARCH_PATHS = "$(inherited) @executable_path/Frameworks @loader_path/Frameworks";
				PRODUCT_BUNDLE_IDENTIFIER = "com.routing.$(PRODUCT_NAME:rfc1034identifier)";
				PRODUCT_NAME = Routing;
				SDKROOT = watchos;
				SKIP_INSTALL = YES;
				TARGETED_DEVICE_FAMILY = 4;
				WATCHOS_DEPLOYMENT_TARGET = 2.1;
			};
			name = Debug;
		};
		D295F40E1C6C25ED003CAC2F /* Release */ = {
			isa = XCBuildConfiguration;
			buildSettings = {
				APPLICATION_EXTENSION_API_ONLY = YES;
				"CODE_SIGN_IDENTITY[sdk=watchos*]" = "";
				DEFINES_MODULE = YES;
				DYLIB_COMPATIBILITY_VERSION = 1;
				DYLIB_CURRENT_VERSION = 1;
				DYLIB_INSTALL_NAME_BASE = "@rpath";
				INFOPLIST_FILE = Source/Info.plist;
				INSTALL_PATH = "$(LOCAL_LIBRARY_DIR)/Frameworks";
				LD_RUNPATH_SEARCH_PATHS = "$(inherited) @executable_path/Frameworks @loader_path/Frameworks";
				PRODUCT_BUNDLE_IDENTIFIER = "com.routing.$(PRODUCT_NAME:rfc1034identifier)";
				PRODUCT_NAME = Routing;
				SDKROOT = watchos;
				SKIP_INSTALL = YES;
				TARGETED_DEVICE_FAMILY = 4;
				WATCHOS_DEPLOYMENT_TARGET = 2.1;
			};
			name = Release;
		};
		D295F4271C6C2612003CAC2F /* Debug */ = {
			isa = XCBuildConfiguration;
			buildSettings = {
				"CODE_SIGN_IDENTITY[sdk=appletvos*]" = "";
				DEFINES_MODULE = YES;
				DYLIB_COMPATIBILITY_VERSION = 1;
				DYLIB_CURRENT_VERSION = 1;
				DYLIB_INSTALL_NAME_BASE = "@rpath";
				INFOPLIST_FILE = Source/Info.plist;
				INSTALL_PATH = "$(LOCAL_LIBRARY_DIR)/Frameworks";
				LD_RUNPATH_SEARCH_PATHS = "$(inherited) @executable_path/Frameworks @loader_path/Frameworks";
				PRODUCT_BUNDLE_IDENTIFIER = "com.routing.$(PRODUCT_NAME:rfc1034identifier)";
				PRODUCT_NAME = Routing;
				SDKROOT = appletvos;
				SKIP_INSTALL = YES;
				TARGETED_DEVICE_FAMILY = 3;
				TVOS_DEPLOYMENT_TARGET = 9.1;
			};
			name = Debug;
		};
		D295F4281C6C2612003CAC2F /* Release */ = {
			isa = XCBuildConfiguration;
			buildSettings = {
				"CODE_SIGN_IDENTITY[sdk=appletvos*]" = "";
				DEFINES_MODULE = YES;
				DYLIB_COMPATIBILITY_VERSION = 1;
				DYLIB_CURRENT_VERSION = 1;
				DYLIB_INSTALL_NAME_BASE = "@rpath";
				INFOPLIST_FILE = Source/Info.plist;
				INSTALL_PATH = "$(LOCAL_LIBRARY_DIR)/Frameworks";
				LD_RUNPATH_SEARCH_PATHS = "$(inherited) @executable_path/Frameworks @loader_path/Frameworks";
				PRODUCT_BUNDLE_IDENTIFIER = "com.routing.$(PRODUCT_NAME:rfc1034identifier)";
				PRODUCT_NAME = Routing;
				SDKROOT = appletvos;
				SKIP_INSTALL = YES;
				TARGETED_DEVICE_FAMILY = 3;
				TVOS_DEPLOYMENT_TARGET = 9.1;
			};
			name = Release;
		};
		D295F42A1C6C2612003CAC2F /* Debug */ = {
			isa = XCBuildConfiguration;
			buildSettings = {
				INFOPLIST_FILE = Tests/Info.plist;
				LD_RUNPATH_SEARCH_PATHS = "$(inherited) @executable_path/Frameworks @loader_path/Frameworks";
				PRODUCT_BUNDLE_IDENTIFIER = "com.routing.$(PRODUCT_NAME:rfc1034identifier)";
				PRODUCT_NAME = "$(TARGET_NAME)";
				SDKROOT = appletvos;
				TVOS_DEPLOYMENT_TARGET = 9.1;
			};
			name = Debug;
		};
		D295F42B1C6C2612003CAC2F /* Release */ = {
			isa = XCBuildConfiguration;
			buildSettings = {
				INFOPLIST_FILE = Tests/Info.plist;
				LD_RUNPATH_SEARCH_PATHS = "$(inherited) @executable_path/Frameworks @loader_path/Frameworks";
				PRODUCT_BUNDLE_IDENTIFIER = "com.routing.$(PRODUCT_NAME:rfc1034identifier)";
				PRODUCT_NAME = "$(TARGET_NAME)";
				SDKROOT = appletvos;
				TVOS_DEPLOYMENT_TARGET = 9.1;
			};
			name = Release;
		};
		D295F4431C6C265D003CAC2F /* Debug */ = {
			isa = XCBuildConfiguration;
			buildSettings = {
				CODE_SIGN_IDENTITY = "";
				COMBINE_HIDPI_IMAGES = YES;
				DEFINES_MODULE = YES;
				DYLIB_COMPATIBILITY_VERSION = 1;
				DYLIB_CURRENT_VERSION = 1;
				DYLIB_INSTALL_NAME_BASE = "@rpath";
				FRAMEWORK_VERSION = A;
				INFOPLIST_FILE = Source/Info.plist;
				INSTALL_PATH = "$(LOCAL_LIBRARY_DIR)/Frameworks";
				LD_RUNPATH_SEARCH_PATHS = "$(inherited) @executable_path/../Frameworks @loader_path/Frameworks";
				MACOSX_DEPLOYMENT_TARGET = 10.11;
				PRODUCT_BUNDLE_IDENTIFIER = "com.routing.$(PRODUCT_NAME:rfc1034identifier)";
				PRODUCT_NAME = Routing;
				SDKROOT = macosx;
				SKIP_INSTALL = YES;
			};
			name = Debug;
		};
		D295F4441C6C265D003CAC2F /* Release */ = {
			isa = XCBuildConfiguration;
			buildSettings = {
				CODE_SIGN_IDENTITY = "";
				COMBINE_HIDPI_IMAGES = YES;
				DEFINES_MODULE = YES;
				DYLIB_COMPATIBILITY_VERSION = 1;
				DYLIB_CURRENT_VERSION = 1;
				DYLIB_INSTALL_NAME_BASE = "@rpath";
				FRAMEWORK_VERSION = A;
				INFOPLIST_FILE = Source/Info.plist;
				INSTALL_PATH = "$(LOCAL_LIBRARY_DIR)/Frameworks";
				LD_RUNPATH_SEARCH_PATHS = "$(inherited) @executable_path/../Frameworks @loader_path/Frameworks";
				MACOSX_DEPLOYMENT_TARGET = 10.11;
				PRODUCT_BUNDLE_IDENTIFIER = "com.routing.$(PRODUCT_NAME:rfc1034identifier)";
				PRODUCT_NAME = Routing;
				SDKROOT = macosx;
				SKIP_INSTALL = YES;
			};
			name = Release;
		};
		D295F4461C6C265D003CAC2F /* Debug */ = {
			isa = XCBuildConfiguration;
			buildSettings = {
				CODE_SIGN_IDENTITY = "-";
				COMBINE_HIDPI_IMAGES = YES;
				FRAMEWORK_SEARCH_PATHS = (
					"$(inherited)",
					"$(PROJECT_DIR)/Carthage/Build/Mac",
				);
				INFOPLIST_FILE = Tests/Info.plist;
				LD_RUNPATH_SEARCH_PATHS = "$(inherited) @executable_path/../Frameworks @loader_path/../Frameworks";
				MACOSX_DEPLOYMENT_TARGET = 10.11;
				PRODUCT_BUNDLE_IDENTIFIER = "com.routing.$(PRODUCT_NAME:rfc1034identifier)";
				PRODUCT_NAME = "$(TARGET_NAME)";
				SDKROOT = macosx;
			};
			name = Debug;
		};
		D295F4471C6C265D003CAC2F /* Release */ = {
			isa = XCBuildConfiguration;
			buildSettings = {
				CODE_SIGN_IDENTITY = "-";
				COMBINE_HIDPI_IMAGES = YES;
				FRAMEWORK_SEARCH_PATHS = (
					"$(inherited)",
					"$(PROJECT_DIR)/Carthage/Build/Mac",
				);
				INFOPLIST_FILE = Tests/Info.plist;
				LD_RUNPATH_SEARCH_PATHS = "$(inherited) @executable_path/../Frameworks @loader_path/../Frameworks";
				MACOSX_DEPLOYMENT_TARGET = 10.11;
				PRODUCT_BUNDLE_IDENTIFIER = "com.routing.$(PRODUCT_NAME:rfc1034identifier)";
				PRODUCT_NAME = "$(TARGET_NAME)";
				SDKROOT = macosx;
			};
			name = Release;
		};
		D2FCC6051D5593BF005C474B /* Debug */ = {
			isa = XCBuildConfiguration;
			buildSettings = {
				ALWAYS_EMBED_SWIFT_STANDARD_LIBRARIES = YES;
				ASSETCATALOG_COMPILER_APPICON_NAME = AppIcon;
				CLANG_ANALYZER_NONNULL = YES;
				INFOPLIST_FILE = Example/Info.plist;
				IPHONEOS_DEPLOYMENT_TARGET = 9.3;
				LD_RUNPATH_SEARCH_PATHS = "$(inherited) @executable_path/Frameworks";
				PRODUCT_BUNDLE_IDENTIFIER = "com.routing.$(PRODUCT_NAME:rfc1034identifier)";
				PRODUCT_NAME = "$(TARGET_NAME)";
				SWIFT_VERSION = 3.0;
			};
			name = Debug;
		};
		D2FCC6061D5593BF005C474B /* Release */ = {
			isa = XCBuildConfiguration;
			buildSettings = {
				ALWAYS_EMBED_SWIFT_STANDARD_LIBRARIES = YES;
				ASSETCATALOG_COMPILER_APPICON_NAME = AppIcon;
				CLANG_ANALYZER_NONNULL = YES;
				INFOPLIST_FILE = Example/Info.plist;
				IPHONEOS_DEPLOYMENT_TARGET = 9.3;
				LD_RUNPATH_SEARCH_PATHS = "$(inherited) @executable_path/Frameworks";
				PRODUCT_BUNDLE_IDENTIFIER = "com.routing.$(PRODUCT_NAME:rfc1034identifier)";
				PRODUCT_NAME = "$(TARGET_NAME)";
				SWIFT_VERSION = 3.0;
			};
			name = Release;
		};
/* End XCBuildConfiguration section */

/* Begin XCConfigurationList section */
		92FCF9FB1BB963CD00DF05C3 /* Build configuration list for PBXProject "Routing" */ = {
			isa = XCConfigurationList;
			buildConfigurations = (
				92FCFA131BB963CD00DF05C3 /* Debug */,
				92FCFA141BB963CD00DF05C3 /* Release */,
			);
			defaultConfigurationIsVisible = 0;
			defaultConfigurationName = Release;
		};
		92FCFA151BB963CD00DF05C3 /* Build configuration list for PBXNativeTarget "Routing iOS" */ = {
			isa = XCConfigurationList;
			buildConfigurations = (
				92FCFA161BB963CD00DF05C3 /* Debug */,
				92FCFA171BB963CD00DF05C3 /* Release */,
			);
			defaultConfigurationIsVisible = 0;
			defaultConfigurationName = Release;
		};
		92FCFA181BB963CD00DF05C3 /* Build configuration list for PBXNativeTarget "Routing iOS Tests" */ = {
			isa = XCConfigurationList;
			buildConfigurations = (
				92FCFA191BB963CD00DF05C3 /* Debug */,
				92FCFA1A1BB963CD00DF05C3 /* Release */,
			);
			defaultConfigurationIsVisible = 0;
			defaultConfigurationName = Release;
		};
		D295F40F1C6C25ED003CAC2F /* Build configuration list for PBXNativeTarget "Routing watchOS" */ = {
			isa = XCConfigurationList;
			buildConfigurations = (
				D295F40D1C6C25ED003CAC2F /* Debug */,
				D295F40E1C6C25ED003CAC2F /* Release */,
			);
			defaultConfigurationIsVisible = 0;
			defaultConfigurationName = Release;
		};
		D295F4261C6C2612003CAC2F /* Build configuration list for PBXNativeTarget "Routing tvOS" */ = {
			isa = XCConfigurationList;
			buildConfigurations = (
				D295F4271C6C2612003CAC2F /* Debug */,
				D295F4281C6C2612003CAC2F /* Release */,
			);
			defaultConfigurationIsVisible = 0;
			defaultConfigurationName = Release;
		};
		D295F4291C6C2612003CAC2F /* Build configuration list for PBXNativeTarget "Routing tvOS Tests" */ = {
			isa = XCConfigurationList;
			buildConfigurations = (
				D295F42A1C6C2612003CAC2F /* Debug */,
				D295F42B1C6C2612003CAC2F /* Release */,
			);
			defaultConfigurationIsVisible = 0;
			defaultConfigurationName = Release;
		};
		D295F4421C6C265D003CAC2F /* Build configuration list for PBXNativeTarget "Routing OSX" */ = {
			isa = XCConfigurationList;
			buildConfigurations = (
				D295F4431C6C265D003CAC2F /* Debug */,
				D295F4441C6C265D003CAC2F /* Release */,
			);
			defaultConfigurationIsVisible = 0;
			defaultConfigurationName = Release;
		};
		D295F4451C6C265D003CAC2F /* Build configuration list for PBXNativeTarget "Routing OSX Tests" */ = {
			isa = XCConfigurationList;
			buildConfigurations = (
				D295F4461C6C265D003CAC2F /* Debug */,
				D295F4471C6C265D003CAC2F /* Release */,
			);
			defaultConfigurationIsVisible = 0;
			defaultConfigurationName = Release;
		};
		D2FCC6071D5593BF005C474B /* Build configuration list for PBXNativeTarget "Example" */ = {
			isa = XCConfigurationList;
			buildConfigurations = (
				D2FCC6051D5593BF005C474B /* Debug */,
				D2FCC6061D5593BF005C474B /* Release */,
			);
			defaultConfigurationIsVisible = 0;
			defaultConfigurationName = Release;
		};
/* End XCConfigurationList section */
	};
	rootObject = 92FCF9F81BB963CD00DF05C3 /* Project object */;
}
