// !$*UTF8*$!
{
	archiveVersion = 1;
	classes = {
	};
	objectVersion = 46;
	objects = {

/* Begin PBXBuildFile section */
		924DA83B1BBD6DE300F059CE /* Routing.framework in Frameworks */ = {isa = PBXBuildFile; fileRef = 924DA8381BBD6DDB00F059CE /* Routing.framework */; };
		924DA83C1BBD6DE300F059CE /* Routing.framework in Embed Frameworks */ = {isa = PBXBuildFile; fileRef = 924DA8381BBD6DDB00F059CE /* Routing.framework */; settings = {ATTRIBUTES = (CodeSignOnCopy, RemoveHeadersOnCopy, ); }; };
		92E79B7E1BBD6D3500069929 /* AppDelegate.swift in Sources */ = {isa = PBXBuildFile; fileRef = 92E79B7D1BBD6D3500069929 /* AppDelegate.swift */; };
		92E79B831BBD6D3500069929 /* Main.storyboard in Resources */ = {isa = PBXBuildFile; fileRef = 92E79B811BBD6D3500069929 /* Main.storyboard */; };
		92E79B851BBD6D3500069929 /* Assets.xcassets in Resources */ = {isa = PBXBuildFile; fileRef = 92E79B841BBD6D3500069929 /* Assets.xcassets */; };
		92E79B881BBD6D3500069929 /* LaunchScreen.storyboard in Resources */ = {isa = PBXBuildFile; fileRef = 92E79B861BBD6D3500069929 /* LaunchScreen.storyboard */; };
		D2204C6E1C8F586000ABA4E5 /* Item1ViewController.swift in Sources */ = {isa = PBXBuildFile; fileRef = D2204C6D1C8F586000ABA4E5 /* Item1ViewController.swift */; };
		D2204C701C8F587200ABA4E5 /* Item2ViewController.swift in Sources */ = {isa = PBXBuildFile; fileRef = D2204C6F1C8F587200ABA4E5 /* Item2ViewController.swift */; };
		D2204C721C8F588200ABA4E5 /* Item3ViewController.swift in Sources */ = {isa = PBXBuildFile; fileRef = D2204C711C8F588200ABA4E5 /* Item3ViewController.swift */; };
		D2204C791C8FC7AC00ABA4E5 /* Item4ViewController.swift in Sources */ = {isa = PBXBuildFile; fileRef = D2204C771C8FC7AC00ABA4E5 /* Item4ViewController.swift */; };
		D2204C7A1C8FC7AC00ABA4E5 /* Item4ViewController.xib in Resources */ = {isa = PBXBuildFile; fileRef = D2204C781C8FC7AC00ABA4E5 /* Item4ViewController.xib */; };
		D2204C7C1C8FCFC000ABA4E5 /* Item5ViewController.swift in Sources */ = {isa = PBXBuildFile; fileRef = D2204C7B1C8FCFC000ABA4E5 /* Item5ViewController.swift */; };
		D2B669591C5C698D00923E27 /* AppRoutes.swift in Sources */ = {isa = PBXBuildFile; fileRef = D2B669581C5C698D00923E27 /* AppRoutes.swift */; };
		D2F926A21C8E581D007783EA /* RoutingiOSSpec.swift in Sources */ = {isa = PBXBuildFile; fileRef = D2F926A11C8E581D007783EA /* RoutingiOSSpec.swift */; };
		D2F926BA1C8E58CB007783EA /* Quick.framework in Frameworks */ = {isa = PBXBuildFile; fileRef = D2F926B91C8E58CB007783EA /* Quick.framework */; };
		D2F926BC1C8E58CF007783EA /* Nimble.framework in Frameworks */ = {isa = PBXBuildFile; fileRef = D2F926BB1C8E58CF007783EA /* Nimble.framework */; };
/* End PBXBuildFile section */

/* Begin PBXContainerItemProxy section */
		924DA8371BBD6DDB00F059CE /* PBXContainerItemProxy */ = {
			isa = PBXContainerItemProxy;
			containerPortal = 924DA8321BBD6DDB00F059CE /* Routing.xcodeproj */;
			proxyType = 2;
			remoteGlobalIDString = 92FCFA011BB963CD00DF05C3;
			remoteInfo = Routing;
		};
		924DA8391BBD6DDB00F059CE /* PBXContainerItemProxy */ = {
			isa = PBXContainerItemProxy;
			containerPortal = 924DA8321BBD6DDB00F059CE /* Routing.xcodeproj */;
			proxyType = 2;
			remoteGlobalIDString = 92FCFA0B1BB963CD00DF05C3;
			remoteInfo = RoutingTests;
		};
		924DA83D1BBD6DE300F059CE /* PBXContainerItemProxy */ = {
			isa = PBXContainerItemProxy;
			containerPortal = 924DA8321BBD6DDB00F059CE /* Routing.xcodeproj */;
			proxyType = 1;
			remoteGlobalIDString = 92FCFA001BB963CD00DF05C3;
			remoteInfo = Routing;
		};
		D2F926A41C8E581D007783EA /* PBXContainerItemProxy */ = {
			isa = PBXContainerItemProxy;
			containerPortal = 92E79B721BBD6D3500069929 /* Project object */;
			proxyType = 1;
			remoteGlobalIDString = 92E79B791BBD6D3500069929;
			remoteInfo = "iOS Example";
		};
		D2F926AE1C8E581D007783EA /* PBXContainerItemProxy */ = {
			isa = PBXContainerItemProxy;
			containerPortal = 924DA8321BBD6DDB00F059CE /* Routing.xcodeproj */;
			proxyType = 2;
			remoteGlobalIDString = D295F4311C6C265D003CAC2F;
			remoteInfo = "Routing OSX";
		};
		D2F926B01C8E581D007783EA /* PBXContainerItemProxy */ = {
			isa = PBXContainerItemProxy;
			containerPortal = 924DA8321BBD6DDB00F059CE /* Routing.xcodeproj */;
			proxyType = 2;
			remoteGlobalIDString = D295F43A1C6C265D003CAC2F;
			remoteInfo = "Routing OSXTests";
		};
		D2F926B21C8E581D007783EA /* PBXContainerItemProxy */ = {
			isa = PBXContainerItemProxy;
			containerPortal = 924DA8321BBD6DDB00F059CE /* Routing.xcodeproj */;
			proxyType = 2;
			remoteGlobalIDString = D295F4151C6C2612003CAC2F;
			remoteInfo = "Routing tvOS";
		};
		D2F926B41C8E581D007783EA /* PBXContainerItemProxy */ = {
			isa = PBXContainerItemProxy;
			containerPortal = 924DA8321BBD6DDB00F059CE /* Routing.xcodeproj */;
			proxyType = 2;
			remoteGlobalIDString = D295F41E1C6C2612003CAC2F;
			remoteInfo = "Routing tvOSTests";
		};
		D2F926B61C8E581D007783EA /* PBXContainerItemProxy */ = {
			isa = PBXContainerItemProxy;
			containerPortal = 924DA8321BBD6DDB00F059CE /* Routing.xcodeproj */;
			proxyType = 2;
			remoteGlobalIDString = D295F4081C6C25ED003CAC2F;
			remoteInfo = "Routing watchOS";
		};
/* End PBXContainerItemProxy section */

/* Begin PBXCopyFilesBuildPhase section */
		924DA83F1BBD6DE300F059CE /* Embed Frameworks */ = {
			isa = PBXCopyFilesBuildPhase;
			buildActionMask = 2147483647;
			dstPath = "";
			dstSubfolderSpec = 10;
			files = (
				924DA83C1BBD6DE300F059CE /* Routing.framework in Embed Frameworks */,
			);
			name = "Embed Frameworks";
			runOnlyForDeploymentPostprocessing = 0;
		};
/* End PBXCopyFilesBuildPhase section */

/* Begin PBXFileReference section */
		924DA8321BBD6DDB00F059CE /* Routing.xcodeproj */ = {isa = PBXFileReference; lastKnownFileType = "wrapper.pb-project"; path = Routing.xcodeproj; sourceTree = "<group>"; };
		92E79B7A1BBD6D3500069929 /* iOS Example.app */ = {isa = PBXFileReference; explicitFileType = wrapper.application; includeInIndex = 0; path = "iOS Example.app"; sourceTree = BUILT_PRODUCTS_DIR; };
		92E79B7D1BBD6D3500069929 /* AppDelegate.swift */ = {isa = PBXFileReference; lastKnownFileType = sourcecode.swift; path = AppDelegate.swift; sourceTree = "<group>"; };
		92E79B821BBD6D3500069929 /* Base */ = {isa = PBXFileReference; lastKnownFileType = file.storyboard; name = Base; path = Base.lproj/Main.storyboard; sourceTree = "<group>"; };
		92E79B841BBD6D3500069929 /* Assets.xcassets */ = {isa = PBXFileReference; lastKnownFileType = folder.assetcatalog; path = Assets.xcassets; sourceTree = "<group>"; };
		92E79B871BBD6D3500069929 /* Base */ = {isa = PBXFileReference; lastKnownFileType = file.storyboard; name = Base; path = Base.lproj/LaunchScreen.storyboard; sourceTree = "<group>"; };
		92E79B891BBD6D3500069929 /* Info.plist */ = {isa = PBXFileReference; lastKnownFileType = text.plist.xml; path = Info.plist; sourceTree = "<group>"; };
		D2204C6D1C8F586000ABA4E5 /* Item1ViewController.swift */ = {isa = PBXFileReference; fileEncoding = 4; lastKnownFileType = sourcecode.swift; path = Item1ViewController.swift; sourceTree = "<group>"; };
		D2204C6F1C8F587200ABA4E5 /* Item2ViewController.swift */ = {isa = PBXFileReference; fileEncoding = 4; lastKnownFileType = sourcecode.swift; path = Item2ViewController.swift; sourceTree = "<group>"; };
		D2204C711C8F588200ABA4E5 /* Item3ViewController.swift */ = {isa = PBXFileReference; fileEncoding = 4; lastKnownFileType = sourcecode.swift; path = Item3ViewController.swift; sourceTree = "<group>"; };
		D2204C771C8FC7AC00ABA4E5 /* Item4ViewController.swift */ = {isa = PBXFileReference; fileEncoding = 4; lastKnownFileType = sourcecode.swift; path = Item4ViewController.swift; sourceTree = "<group>"; };
		D2204C781C8FC7AC00ABA4E5 /* Item4ViewController.xib */ = {isa = PBXFileReference; fileEncoding = 4; lastKnownFileType = file.xib; path = Item4ViewController.xib; sourceTree = "<group>"; };
		D2204C7B1C8FCFC000ABA4E5 /* Item5ViewController.swift */ = {isa = PBXFileReference; fileEncoding = 4; lastKnownFileType = sourcecode.swift; path = Item5ViewController.swift; sourceTree = "<group>"; };
		D2B669581C5C698D00923E27 /* AppRoutes.swift */ = {isa = PBXFileReference; fileEncoding = 4; lastKnownFileType = sourcecode.swift; path = AppRoutes.swift; sourceTree = "<group>"; };
		D2F9269F1C8E581D007783EA /* iOS Example Tests.xctest */ = {isa = PBXFileReference; explicitFileType = wrapper.cfbundle; includeInIndex = 0; path = "iOS Example Tests.xctest"; sourceTree = BUILT_PRODUCTS_DIR; };
		D2F926A11C8E581D007783EA /* RoutingiOSSpec.swift */ = {isa = PBXFileReference; lastKnownFileType = sourcecode.swift; path = RoutingiOSSpec.swift; sourceTree = "<group>"; };
		D2F926A31C8E581D007783EA /* Info.plist */ = {isa = PBXFileReference; lastKnownFileType = text.plist.xml; path = Info.plist; sourceTree = "<group>"; };
		D2F926B91C8E58CB007783EA /* Quick.framework */ = {isa = PBXFileReference; lastKnownFileType = wrapper.framework; name = Quick.framework; path = Carthage/Build/iOS/Quick.framework; sourceTree = "<group>"; };
		D2F926BB1C8E58CF007783EA /* Nimble.framework */ = {isa = PBXFileReference; lastKnownFileType = wrapper.framework; name = Nimble.framework; path = Carthage/Build/iOS/Nimble.framework; sourceTree = "<group>"; };
/* End PBXFileReference section */

/* Begin PBXFrameworksBuildPhase section */
		92E79B771BBD6D3500069929 /* Frameworks */ = {
			isa = PBXFrameworksBuildPhase;
			buildActionMask = 2147483647;
			files = (
				924DA83B1BBD6DE300F059CE /* Routing.framework in Frameworks */,
			);
			runOnlyForDeploymentPostprocessing = 0;
		};
		D2F9269C1C8E581D007783EA /* Frameworks */ = {
			isa = PBXFrameworksBuildPhase;
			buildActionMask = 2147483647;
			files = (
				D2F926BA1C8E58CB007783EA /* Quick.framework in Frameworks */,
				D2F926BC1C8E58CF007783EA /* Nimble.framework in Frameworks */,
			);
			runOnlyForDeploymentPostprocessing = 0;
		};
/* End PBXFrameworksBuildPhase section */

/* Begin PBXGroup section */
		924DA8331BBD6DDB00F059CE /* Products */ = {
			isa = PBXGroup;
			children = (
				924DA8381BBD6DDB00F059CE /* Routing.framework */,
				924DA83A1BBD6DDB00F059CE /* Routing iOS Tests.xctest */,
				D2F926AF1C8E581D007783EA /* Routing.framework */,
				D2F926B11C8E581D007783EA /* Routing OSXTests.xctest */,
				D2F926B31C8E581D007783EA /* Routing.framework */,
				D2F926B51C8E581D007783EA /* Routing tvOSTests.xctest */,
				D2F926B71C8E581D007783EA /* Routing.framework */,
			);
			name = Products;
			sourceTree = "<group>";
		};
		92E79B711BBD6D3500069929 = {
			isa = PBXGroup;
			children = (
				D2F926BD1C8E58D6007783EA /* Frameworks */,
				92E79B7C1BBD6D3500069929 /* Example */,
				D2F926A01C8E581D007783EA /* Example Tests */,
				92E79B7B1BBD6D3500069929 /* Products */,
				924DA8321BBD6DDB00F059CE /* Routing.xcodeproj */,
			);
			sourceTree = "<group>";
		};
		92E79B7B1BBD6D3500069929 /* Products */ = {
			isa = PBXGroup;
			children = (
				92E79B7A1BBD6D3500069929 /* iOS Example.app */,
				D2F9269F1C8E581D007783EA /* iOS Example Tests.xctest */,
			);
			name = Products;
			sourceTree = "<group>";
		};
		92E79B7C1BBD6D3500069929 /* Example */ = {
			isa = PBXGroup;
			children = (
				D2B669581C5C698D00923E27 /* AppRoutes.swift */,
				92E79B7D1BBD6D3500069929 /* AppDelegate.swift */,
				D2204C6D1C8F586000ABA4E5 /* Item1ViewController.swift */,
				D2204C6F1C8F587200ABA4E5 /* Item2ViewController.swift */,
				D2204C711C8F588200ABA4E5 /* Item3ViewController.swift */,
				D2204C771C8FC7AC00ABA4E5 /* Item4ViewController.swift */,
				D2204C7B1C8FCFC000ABA4E5 /* Item5ViewController.swift */,
				D2204C781C8FC7AC00ABA4E5 /* Item4ViewController.xib */,
				92E79B811BBD6D3500069929 /* Main.storyboard */,
				92E79B841BBD6D3500069929 /* Assets.xcassets */,
				92E79B861BBD6D3500069929 /* LaunchScreen.storyboard */,
				92E79B891BBD6D3500069929 /* Info.plist */,
			);
			path = Example;
			sourceTree = "<group>";
		};
		D2F926A01C8E581D007783EA /* Example Tests */ = {
			isa = PBXGroup;
			children = (
				D2F926A11C8E581D007783EA /* RoutingiOSSpec.swift */,
				D2F926A31C8E581D007783EA /* Info.plist */,
			);
			name = "Example Tests";
			path = ExampleTests;
			sourceTree = "<group>";
		};
		D2F926BD1C8E58D6007783EA /* Frameworks */ = {
			isa = PBXGroup;
			children = (
				D2F926B91C8E58CB007783EA /* Quick.framework */,
				D2F926BB1C8E58CF007783EA /* Nimble.framework */,
			);
			name = Frameworks;
			sourceTree = "<group>";
		};
/* End PBXGroup section */

/* Begin PBXNativeTarget section */
		92E79B791BBD6D3500069929 /* iOS Example */ = {
			isa = PBXNativeTarget;
			buildConfigurationList = 92E79B8C1BBD6D3500069929 /* Build configuration list for PBXNativeTarget "iOS Example" */;
			buildPhases = (
				92E79B761BBD6D3500069929 /* Sources */,
				92E79B771BBD6D3500069929 /* Frameworks */,
				92E79B781BBD6D3500069929 /* Resources */,
				924DA83F1BBD6DE300F059CE /* Embed Frameworks */,
			);
			buildRules = (
			);
			dependencies = (
				924DA83E1BBD6DE300F059CE /* PBXTargetDependency */,
			);
			name = "iOS Example";
			productName = "Routing Example";
			productReference = 92E79B7A1BBD6D3500069929 /* iOS Example.app */;
			productType = "com.apple.product-type.application";
		};
		D2F9269E1C8E581D007783EA /* iOS Example Tests */ = {
			isa = PBXNativeTarget;
			buildConfigurationList = D2F926B81C8E581D007783EA /* Build configuration list for PBXNativeTarget "iOS Example Tests" */;
			buildPhases = (
				D2F9269B1C8E581D007783EA /* Sources */,
				D2F9269C1C8E581D007783EA /* Frameworks */,
				D2F9269D1C8E581D007783EA /* Resources */,
				D2F926BE1C8E599D007783EA /* Carthage */,
			);
			buildRules = (
			);
			dependencies = (
				D2F926A51C8E581D007783EA /* PBXTargetDependency */,
			);
			name = "iOS Example Tests";
			productName = "iOS Example Tests";
			productReference = D2F9269F1C8E581D007783EA /* iOS Example Tests.xctest */;
			productType = "com.apple.product-type.bundle.unit-test";
		};
/* End PBXNativeTarget section */

/* Begin PBXProject section */
		92E79B721BBD6D3500069929 /* Project object */ = {
			isa = PBXProject;
			attributes = {
				LastSwiftUpdateCheck = 0720;
				LastUpgradeCheck = 0700;
				ORGANIZATIONNAME = Routing;
				TargetAttributes = {
					92E79B791BBD6D3500069929 = {
						CreatedOnToolsVersion = 7.0.1;
					};
					D2F9269E1C8E581D007783EA = {
						CreatedOnToolsVersion = 7.2.1;
						TestTargetID = 92E79B791BBD6D3500069929;
					};
				};
			};
			buildConfigurationList = 92E79B751BBD6D3500069929 /* Build configuration list for PBXProject "iOS Example" */;
			compatibilityVersion = "Xcode 3.2";
			developmentRegion = English;
			hasScannedForEncodings = 0;
			knownRegions = (
				en,
				Base,
			);
			mainGroup = 92E79B711BBD6D3500069929;
			productRefGroup = 92E79B7B1BBD6D3500069929 /* Products */;
			projectDirPath = "";
			projectReferences = (
				{
					ProductGroup = 924DA8331BBD6DDB00F059CE /* Products */;
					ProjectRef = 924DA8321BBD6DDB00F059CE /* Routing.xcodeproj */;
				},
			);
			projectRoot = "";
			targets = (
				92E79B791BBD6D3500069929 /* iOS Example */,
				D2F9269E1C8E581D007783EA /* iOS Example Tests */,
			);
		};
/* End PBXProject section */

/* Begin PBXReferenceProxy section */
		924DA8381BBD6DDB00F059CE /* Routing.framework */ = {
			isa = PBXReferenceProxy;
			fileType = wrapper.framework;
			path = Routing.framework;
			remoteRef = 924DA8371BBD6DDB00F059CE /* PBXContainerItemProxy */;
			sourceTree = BUILT_PRODUCTS_DIR;
		};
		924DA83A1BBD6DDB00F059CE /* Routing iOS Tests.xctest */ = {
			isa = PBXReferenceProxy;
			fileType = wrapper.cfbundle;
			path = "Routing iOS Tests.xctest";
			remoteRef = 924DA8391BBD6DDB00F059CE /* PBXContainerItemProxy */;
			sourceTree = BUILT_PRODUCTS_DIR;
		};
		D2F926AF1C8E581D007783EA /* Routing.framework */ = {
			isa = PBXReferenceProxy;
			fileType = wrapper.framework;
			path = Routing.framework;
			remoteRef = D2F926AE1C8E581D007783EA /* PBXContainerItemProxy */;
			sourceTree = BUILT_PRODUCTS_DIR;
		};
		D2F926B11C8E581D007783EA /* Routing OSXTests.xctest */ = {
			isa = PBXReferenceProxy;
			fileType = wrapper.cfbundle;
			path = "Routing OSXTests.xctest";
			remoteRef = D2F926B01C8E581D007783EA /* PBXContainerItemProxy */;
			sourceTree = BUILT_PRODUCTS_DIR;
		};
		D2F926B31C8E581D007783EA /* Routing.framework */ = {
			isa = PBXReferenceProxy;
			fileType = wrapper.framework;
			path = Routing.framework;
			remoteRef = D2F926B21C8E581D007783EA /* PBXContainerItemProxy */;
			sourceTree = BUILT_PRODUCTS_DIR;
		};
		D2F926B51C8E581D007783EA /* Routing tvOSTests.xctest */ = {
			isa = PBXReferenceProxy;
			fileType = wrapper.cfbundle;
			path = "Routing tvOSTests.xctest";
			remoteRef = D2F926B41C8E581D007783EA /* PBXContainerItemProxy */;
			sourceTree = BUILT_PRODUCTS_DIR;
		};
		D2F926B71C8E581D007783EA /* Routing.framework */ = {
			isa = PBXReferenceProxy;
			fileType = wrapper.framework;
			path = Routing.framework;
			remoteRef = D2F926B61C8E581D007783EA /* PBXContainerItemProxy */;
			sourceTree = BUILT_PRODUCTS_DIR;
		};
/* End PBXReferenceProxy section */

/* Begin PBXResourcesBuildPhase section */
		92E79B781BBD6D3500069929 /* Resources */ = {
			isa = PBXResourcesBuildPhase;
			buildActionMask = 2147483647;
			files = (
				92E79B881BBD6D3500069929 /* LaunchScreen.storyboard in Resources */,
				92E79B851BBD6D3500069929 /* Assets.xcassets in Resources */,
				D2204C7A1C8FC7AC00ABA4E5 /* Item4ViewController.xib in Resources */,
				92E79B831BBD6D3500069929 /* Main.storyboard in Resources */,
			);
			runOnlyForDeploymentPostprocessing = 0;
		};
		D2F9269D1C8E581D007783EA /* Resources */ = {
			isa = PBXResourcesBuildPhase;
			buildActionMask = 2147483647;
			files = (
			);
			runOnlyForDeploymentPostprocessing = 0;
		};
/* End PBXResourcesBuildPhase section */

/* Begin PBXShellScriptBuildPhase section */
		D2F926BE1C8E599D007783EA /* Carthage */ = {
			isa = PBXShellScriptBuildPhase;
			buildActionMask = 2147483647;
			files = (
			);
			inputPaths = (
				"$(SRCROOT)/Carthage/Build/iOS/Quick.framework",
				"$(SRCROOT)/Carthage/Build/iOS/Nimble.framework",
			);
			name = Carthage;
			outputPaths = (
			);
			runOnlyForDeploymentPostprocessing = 0;
			shellPath = /bin/sh;
			shellScript = "/usr/local/bin/carthage copy-frameworks";
		};
/* End PBXShellScriptBuildPhase section */

/* Begin PBXSourcesBuildPhase section */
		92E79B761BBD6D3500069929 /* Sources */ = {
			isa = PBXSourcesBuildPhase;
			buildActionMask = 2147483647;
			files = (
				D2204C791C8FC7AC00ABA4E5 /* Item4ViewController.swift in Sources */,
				D2204C701C8F587200ABA4E5 /* Item2ViewController.swift in Sources */,
				D2204C721C8F588200ABA4E5 /* Item3ViewController.swift in Sources */,
				D2B669591C5C698D00923E27 /* AppRoutes.swift in Sources */,
				D2204C6E1C8F586000ABA4E5 /* Item1ViewController.swift in Sources */,
				D2204C7C1C8FCFC000ABA4E5 /* Item5ViewController.swift in Sources */,
				92E79B7E1BBD6D3500069929 /* AppDelegate.swift in Sources */,
			);
			runOnlyForDeploymentPostprocessing = 0;
		};
		D2F9269B1C8E581D007783EA /* Sources */ = {
			isa = PBXSourcesBuildPhase;
			buildActionMask = 2147483647;
			files = (
				D2F926A21C8E581D007783EA /* RoutingiOSSpec.swift in Sources */,
			);
			runOnlyForDeploymentPostprocessing = 0;
		};
/* End PBXSourcesBuildPhase section */

/* Begin PBXTargetDependency section */
		924DA83E1BBD6DE300F059CE /* PBXTargetDependency */ = {
			isa = PBXTargetDependency;
			name = Routing;
			targetProxy = 924DA83D1BBD6DE300F059CE /* PBXContainerItemProxy */;
		};
		D2F926A51C8E581D007783EA /* PBXTargetDependency */ = {
			isa = PBXTargetDependency;
			target = 92E79B791BBD6D3500069929 /* iOS Example */;
			targetProxy = D2F926A41C8E581D007783EA /* PBXContainerItemProxy */;
		};
/* End PBXTargetDependency section */

/* Begin PBXVariantGroup section */
		92E79B811BBD6D3500069929 /* Main.storyboard */ = {
			isa = PBXVariantGroup;
			children = (
				92E79B821BBD6D3500069929 /* Base */,
			);
			name = Main.storyboard;
			sourceTree = "<group>";
		};
		92E79B861BBD6D3500069929 /* LaunchScreen.storyboard */ = {
			isa = PBXVariantGroup;
			children = (
				92E79B871BBD6D3500069929 /* Base */,
			);
			name = LaunchScreen.storyboard;
			sourceTree = "<group>";
		};
/* End PBXVariantGroup section */

/* Begin XCBuildConfiguration section */
		92E79B8A1BBD6D3500069929 /* Debug */ = {
			isa = XCBuildConfiguration;
			buildSettings = {
				ALWAYS_SEARCH_USER_PATHS = NO;
				CLANG_CXX_LANGUAGE_STANDARD = "gnu++0x";
				CLANG_CXX_LIBRARY = "libc++";
				CLANG_ENABLE_MODULES = YES;
				CLANG_ENABLE_OBJC_ARC = YES;
				CLANG_WARN_BOOL_CONVERSION = YES;
				CLANG_WARN_CONSTANT_CONVERSION = YES;
				CLANG_WARN_DIRECT_OBJC_ISA_USAGE = YES_ERROR;
				CLANG_WARN_EMPTY_BODY = YES;
				CLANG_WARN_ENUM_CONVERSION = YES;
				CLANG_WARN_INT_CONVERSION = YES;
				CLANG_WARN_OBJC_ROOT_CLASS = YES_ERROR;
				CLANG_WARN_UNREACHABLE_CODE = YES;
				CLANG_WARN__DUPLICATE_METHOD_MATCH = YES;
				"CODE_SIGN_IDENTITY[sdk=iphoneos*]" = "iPhone Developer";
				COPY_PHASE_STRIP = NO;
				DEBUG_INFORMATION_FORMAT = dwarf;
				ENABLE_STRICT_OBJC_MSGSEND = YES;
				ENABLE_TESTABILITY = YES;
				GCC_C_LANGUAGE_STANDARD = gnu99;
				GCC_DYNAMIC_NO_PIC = NO;
				GCC_NO_COMMON_BLOCKS = YES;
				GCC_OPTIMIZATION_LEVEL = 0;
				GCC_PREPROCESSOR_DEFINITIONS = (
					"DEBUG=1",
					"$(inherited)",
				);
				GCC_WARN_64_TO_32_BIT_CONVERSION = YES;
				GCC_WARN_ABOUT_RETURN_TYPE = YES_ERROR;
				GCC_WARN_UNDECLARED_SELECTOR = YES;
				GCC_WARN_UNINITIALIZED_AUTOS = YES_AGGRESSIVE;
				GCC_WARN_UNUSED_FUNCTION = YES;
				GCC_WARN_UNUSED_VARIABLE = YES;
				IPHONEOS_DEPLOYMENT_TARGET = 9.0;
				MTL_ENABLE_DEBUG_INFO = YES;
				ONLY_ACTIVE_ARCH = YES;
				SDKROOT = iphoneos;
				SWIFT_OPTIMIZATION_LEVEL = "-Onone";
				TARGETED_DEVICE_FAMILY = "1,2";
			};
			name = Debug;
		};
		92E79B8B1BBD6D3500069929 /* Release */ = {
			isa = XCBuildConfiguration;
			buildSettings = {
				ALWAYS_SEARCH_USER_PATHS = NO;
				CLANG_CXX_LANGUAGE_STANDARD = "gnu++0x";
				CLANG_CXX_LIBRARY = "libc++";
				CLANG_ENABLE_MODULES = YES;
				CLANG_ENABLE_OBJC_ARC = YES;
				CLANG_WARN_BOOL_CONVERSION = YES;
				CLANG_WARN_CONSTANT_CONVERSION = YES;
				CLANG_WARN_DIRECT_OBJC_ISA_USAGE = YES_ERROR;
				CLANG_WARN_EMPTY_BODY = YES;
				CLANG_WARN_ENUM_CONVERSION = YES;
				CLANG_WARN_INT_CONVERSION = YES;
				CLANG_WARN_OBJC_ROOT_CLASS = YES_ERROR;
				CLANG_WARN_UNREACHABLE_CODE = YES;
				CLANG_WARN__DUPLICATE_METHOD_MATCH = YES;
				"CODE_SIGN_IDENTITY[sdk=iphoneos*]" = "iPhone Developer";
				COPY_PHASE_STRIP = NO;
				DEBUG_INFORMATION_FORMAT = "dwarf-with-dsym";
				ENABLE_NS_ASSERTIONS = NO;
				ENABLE_STRICT_OBJC_MSGSEND = YES;
				GCC_C_LANGUAGE_STANDARD = gnu99;
				GCC_NO_COMMON_BLOCKS = YES;
				GCC_WARN_64_TO_32_BIT_CONVERSION = YES;
				GCC_WARN_ABOUT_RETURN_TYPE = YES_ERROR;
				GCC_WARN_UNDECLARED_SELECTOR = YES;
				GCC_WARN_UNINITIALIZED_AUTOS = YES_AGGRESSIVE;
				GCC_WARN_UNUSED_FUNCTION = YES;
				GCC_WARN_UNUSED_VARIABLE = YES;
				IPHONEOS_DEPLOYMENT_TARGET = 9.0;
				MTL_ENABLE_DEBUG_INFO = NO;
				SDKROOT = iphoneos;
				TARGETED_DEVICE_FAMILY = "1,2";
				VALIDATE_PRODUCT = YES;
			};
			name = Release;
		};
		92E79B8D1BBD6D3500069929 /* Debug */ = {
			isa = XCBuildConfiguration;
			buildSettings = {
				ASSETCATALOG_COMPILER_APPICON_NAME = AppIcon;
				EMBEDDED_CONTENT_CONTAINS_SWIFT = YES;
				INFOPLIST_FILE = Example/Info.plist;
				LD_RUNPATH_SEARCH_PATHS = "$(inherited) @executable_path/Frameworks";
				PRODUCT_BUNDLE_IDENTIFIER = "com.routing.$(PRODUCT_NAME:rfc1034identifier)";
				PRODUCT_NAME = "iOS Example";
			};
			name = Debug;
		};
		92E79B8E1BBD6D3500069929 /* Release */ = {
			isa = XCBuildConfiguration;
			buildSettings = {
				ASSETCATALOG_COMPILER_APPICON_NAME = AppIcon;
				EMBEDDED_CONTENT_CONTAINS_SWIFT = YES;
				INFOPLIST_FILE = Example/Info.plist;
				LD_RUNPATH_SEARCH_PATHS = "$(inherited) @executable_path/Frameworks";
				PRODUCT_BUNDLE_IDENTIFIER = "com.routing.$(PRODUCT_NAME:rfc1034identifier)";
				PRODUCT_NAME = "iOS Example";
			};
			name = Release;
		};
		D2F926A61C8E581D007783EA /* Debug */ = {
			isa = XCBuildConfiguration;
			buildSettings = {
				BUNDLE_LOADER = "$(TEST_HOST)";
				FRAMEWORK_SEARCH_PATHS = (
					"$(inherited)",
					"$(PROJECT_DIR)/Carthage/Build/iOS",
				);
				INFOPLIST_FILE = ExampleTests/Info.plist;
				IPHONEOS_DEPLOYMENT_TARGET = 9.2;
				LD_RUNPATH_SEARCH_PATHS = "$(inherited) @executable_path/Frameworks @loader_path/Frameworks";
				PRODUCT_BUNDLE_IDENTIFIER = "com.routing.$(PRODUCT_NAME:rfc1034identifier)";
				PRODUCT_NAME = "$(TARGET_NAME)";
				TEST_HOST = "$(BUILT_PRODUCTS_DIR)/iOS Example.app/iOS Example";
			};
			name = Debug;
		};
		D2F926A71C8E581D007783EA /* Release */ = {
			isa = XCBuildConfiguration;
			buildSettings = {
				BUNDLE_LOADER = "$(TEST_HOST)";
				FRAMEWORK_SEARCH_PATHS = (
					"$(inherited)",
					"$(PROJECT_DIR)/Carthage/Build/iOS",
				);
				INFOPLIST_FILE = ExampleTests/Info.plist;
				IPHONEOS_DEPLOYMENT_TARGET = 9.2;
				LD_RUNPATH_SEARCH_PATHS = "$(inherited) @executable_path/Frameworks @loader_path/Frameworks";
				PRODUCT_BUNDLE_IDENTIFIER = "com.routing.$(PRODUCT_NAME:rfc1034identifier)";
				PRODUCT_NAME = "$(TARGET_NAME)";
				TEST_HOST = "$(BUILT_PRODUCTS_DIR)/iOS Example.app/iOS Example";
			};
			name = Release;
		};
/* End XCBuildConfiguration section */

/* Begin XCConfigurationList section */
		92E79B751BBD6D3500069929 /* Build configuration list for PBXProject "iOS Example" */ = {
			isa = XCConfigurationList;
			buildConfigurations = (
				92E79B8A1BBD6D3500069929 /* Debug */,
				92E79B8B1BBD6D3500069929 /* Release */,
			);
			defaultConfigurationIsVisible = 0;
			defaultConfigurationName = Release;
		};
		92E79B8C1BBD6D3500069929 /* Build configuration list for PBXNativeTarget "iOS Example" */ = {
			isa = XCConfigurationList;
			buildConfigurations = (
				92E79B8D1BBD6D3500069929 /* Debug */,
				92E79B8E1BBD6D3500069929 /* Release */,
			);
			defaultConfigurationIsVisible = 0;
			defaultConfigurationName = Release;
		};
		D2F926B81C8E581D007783EA /* Build configuration list for PBXNativeTarget "iOS Example Tests" */ = {
			isa = XCConfigurationList;
			buildConfigurations = (
				D2F926A61C8E581D007783EA /* Debug */,
				D2F926A71C8E581D007783EA /* Release */,
			);
			defaultConfigurationIsVisible = 0;
			defaultConfigurationName = Release;
		};
/* End XCConfigurationList section */
	};
	rootObject = 92E79B721BBD6D3500069929 /* Project object */;
}
